// !$*UTF8*$!
{
	archiveVersion = 1;
	classes = {
	};
	objectVersion = 50;
	objects = {

/* Begin PBXBuildFile section */
		28397EB12647E00F0009C29D /* Temp.swift in Sources */ = {isa = PBXBuildFile; fileRef = 28397EB02647E00F0009C29D /* Temp.swift */; };
		283D70982642B673003BDD51 /* InitialViewController.swift in Sources */ = {isa = PBXBuildFile; fileRef = 283D70972642B673003BDD51 /* InitialViewController.swift */; };
		283D709C2642B732003BDD51 /* UIColor+Extension.swift in Sources */ = {isa = PBXBuildFile; fileRef = 283D709B2642B732003BDD51 /* UIColor+Extension.swift */; };
		283D709E2642BFC3003BDD51 /* InitialViewModel.swift in Sources */ = {isa = PBXBuildFile; fileRef = 283D709D2642BFC3003BDD51 /* InitialViewModel.swift */; };
		283D70A02642C0EC003BDD51 /* EmailCheckViewController.swift in Sources */ = {isa = PBXBuildFile; fileRef = 283D709F2642C0EC003BDD51 /* EmailCheckViewController.swift */; };
		283D70A22642C818003BDD51 /* EmailCheckViewModel.swift in Sources */ = {isa = PBXBuildFile; fileRef = 283D70A12642C818003BDD51 /* EmailCheckViewModel.swift */; };
		284E53BB26401F6D009B2E2C /* Account.storyboard in Resources */ = {isa = PBXBuildFile; fileRef = 284E53BA26401F6D009B2E2C /* Account.storyboard */; };
		284F045A263EC1A7006B6730 /* AppDelegate.swift in Sources */ = {isa = PBXBuildFile; fileRef = 284F0459263EC1A7006B6730 /* AppDelegate.swift */; };
		284F045C263EC1A7006B6730 /* SceneDelegate.swift in Sources */ = {isa = PBXBuildFile; fileRef = 284F045B263EC1A7006B6730 /* SceneDelegate.swift */; };
		284F0463263EC1A8006B6730 /* Assets.xcassets in Resources */ = {isa = PBXBuildFile; fileRef = 284F0462263EC1A8006B6730 /* Assets.xcassets */; };
		284F0466263EC1A8006B6730 /* LaunchScreen.storyboard in Resources */ = {isa = PBXBuildFile; fileRef = 284F0464263EC1A8006B6730 /* LaunchScreen.storyboard */; };
		284F0471263EC1A8006B6730 /* signearTests.swift in Sources */ = {isa = PBXBuildFile; fileRef = 284F0470263EC1A8006B6730 /* signearTests.swift */; };
		284F047C263EC1A8006B6730 /* signearUITests.swift in Sources */ = {isa = PBXBuildFile; fileRef = 284F047B263EC1A8006B6730 /* signearUITests.swift */; };
/* End PBXBuildFile section */

/* Begin PBXContainerItemProxy section */
		284F046D263EC1A8006B6730 /* PBXContainerItemProxy */ = {
			isa = PBXContainerItemProxy;
			containerPortal = 284F044E263EC1A7006B6730 /* Project object */;
			proxyType = 1;
			remoteGlobalIDString = 284F0455263EC1A7006B6730;
			remoteInfo = signear;
		};
		284F0478263EC1A8006B6730 /* PBXContainerItemProxy */ = {
			isa = PBXContainerItemProxy;
			containerPortal = 284F044E263EC1A7006B6730 /* Project object */;
			proxyType = 1;
			remoteGlobalIDString = 284F0455263EC1A7006B6730;
			remoteInfo = signear;
		};
/* End PBXContainerItemProxy section */

/* Begin PBXFileReference section */
		28397EB02647E00F0009C29D /* Temp.swift */ = {isa = PBXFileReference; lastKnownFileType = sourcecode.swift; path = Temp.swift; sourceTree = "<group>"; };
		283D70972642B673003BDD51 /* InitialViewController.swift */ = {isa = PBXFileReference; lastKnownFileType = sourcecode.swift; path = InitialViewController.swift; sourceTree = "<group>"; };
		283D709B2642B732003BDD51 /* UIColor+Extension.swift */ = {isa = PBXFileReference; lastKnownFileType = sourcecode.swift; path = "UIColor+Extension.swift"; sourceTree = "<group>"; };
		283D709D2642BFC3003BDD51 /* InitialViewModel.swift */ = {isa = PBXFileReference; lastKnownFileType = sourcecode.swift; path = InitialViewModel.swift; sourceTree = "<group>"; };
		283D709F2642C0EC003BDD51 /* EmailCheckViewController.swift */ = {isa = PBXFileReference; lastKnownFileType = sourcecode.swift; path = EmailCheckViewController.swift; sourceTree = "<group>"; };
		283D70A12642C818003BDD51 /* EmailCheckViewModel.swift */ = {isa = PBXFileReference; lastKnownFileType = sourcecode.swift; path = EmailCheckViewModel.swift; sourceTree = "<group>"; };
		284E53BA26401F6D009B2E2C /* Account.storyboard */ = {isa = PBXFileReference; lastKnownFileType = file.storyboard; path = Account.storyboard; sourceTree = "<group>"; };
		284F0456263EC1A7006B6730 /* signear.app */ = {isa = PBXFileReference; explicitFileType = wrapper.application; includeInIndex = 0; path = signear.app; sourceTree = BUILT_PRODUCTS_DIR; };
		284F0459263EC1A7006B6730 /* AppDelegate.swift */ = {isa = PBXFileReference; lastKnownFileType = sourcecode.swift; path = AppDelegate.swift; sourceTree = "<group>"; };
		284F045B263EC1A7006B6730 /* SceneDelegate.swift */ = {isa = PBXFileReference; lastKnownFileType = sourcecode.swift; path = SceneDelegate.swift; sourceTree = "<group>"; };
		284F0462263EC1A8006B6730 /* Assets.xcassets */ = {isa = PBXFileReference; lastKnownFileType = folder.assetcatalog; path = Assets.xcassets; sourceTree = "<group>"; };
		284F0465263EC1A8006B6730 /* Base */ = {isa = PBXFileReference; lastKnownFileType = file.storyboard; name = Base; path = Base.lproj/LaunchScreen.storyboard; sourceTree = "<group>"; };
		284F0467263EC1A8006B6730 /* Info.plist */ = {isa = PBXFileReference; lastKnownFileType = text.plist.xml; path = Info.plist; sourceTree = "<group>"; };
		284F046C263EC1A8006B6730 /* signearTests.xctest */ = {isa = PBXFileReference; explicitFileType = wrapper.cfbundle; includeInIndex = 0; path = signearTests.xctest; sourceTree = BUILT_PRODUCTS_DIR; };
		284F0470263EC1A8006B6730 /* signearTests.swift */ = {isa = PBXFileReference; lastKnownFileType = sourcecode.swift; path = signearTests.swift; sourceTree = "<group>"; };
		284F0472263EC1A8006B6730 /* Info.plist */ = {isa = PBXFileReference; lastKnownFileType = text.plist.xml; path = Info.plist; sourceTree = "<group>"; };
		284F0477263EC1A8006B6730 /* signearUITests.xctest */ = {isa = PBXFileReference; explicitFileType = wrapper.cfbundle; includeInIndex = 0; path = signearUITests.xctest; sourceTree = BUILT_PRODUCTS_DIR; };
		284F047B263EC1A8006B6730 /* signearUITests.swift */ = {isa = PBXFileReference; lastKnownFileType = sourcecode.swift; path = signearUITests.swift; sourceTree = "<group>"; };
		284F047D263EC1A8006B6730 /* Info.plist */ = {isa = PBXFileReference; lastKnownFileType = text.plist.xml; path = Info.plist; sourceTree = "<group>"; };
/* End PBXFileReference section */

/* Begin PBXFrameworksBuildPhase section */
		284F0453263EC1A7006B6730 /* Frameworks */ = {
			isa = PBXFrameworksBuildPhase;
			buildActionMask = 2147483647;
			files = (
			);
			runOnlyForDeploymentPostprocessing = 0;
		};
		284F0469263EC1A8006B6730 /* Frameworks */ = {
			isa = PBXFrameworksBuildPhase;
			buildActionMask = 2147483647;
			files = (
			);
			runOnlyForDeploymentPostprocessing = 0;
		};
		284F0474263EC1A8006B6730 /* Frameworks */ = {
			isa = PBXFrameworksBuildPhase;
			buildActionMask = 2147483647;
			files = (
			);
			runOnlyForDeploymentPostprocessing = 0;
		};
/* End PBXFrameworksBuildPhase section */

/* Begin PBXGroup section */
		28397EAE2647DFC80009C29D /* Domain */ = {
			isa = PBXGroup;
			children = (
				28397EB02647E00F0009C29D /* Temp.swift */,
			);
			path = Domain;
			sourceTree = "<group>";
		};
		283D70992642B71D003BDD51 /* Util */ = {
			isa = PBXGroup;
			children = (
				283D709A2642B727003BDD51 /* Extension */,
			);
			path = Util;
			sourceTree = "<group>";
		};
		283D709A2642B727003BDD51 /* Extension */ = {
			isa = PBXGroup;
			children = (
				283D709B2642B732003BDD51 /* UIColor+Extension.swift */,
			);
			path = Extension;
			sourceTree = "<group>";
		};
		284E53B926401F5E009B2E2C /* Account */ = {
			isa = PBXGroup;
			children = (
				284E53BA26401F6D009B2E2C /* Account.storyboard */,
				283D70972642B673003BDD51 /* InitialViewController.swift */,
				283D709D2642BFC3003BDD51 /* InitialViewModel.swift */,
				283D709F2642C0EC003BDD51 /* EmailCheckViewController.swift */,
				283D70A12642C818003BDD51 /* EmailCheckViewModel.swift */,
			);
			path = Account;
			sourceTree = "<group>";
		};
		284F044D263EC1A7006B6730 = {
			isa = PBXGroup;
			children = (
				284F0458263EC1A7006B6730 /* signear */,
				284F046F263EC1A8006B6730 /* signearTests */,
				284F047A263EC1A8006B6730 /* signearUITests */,
				284F0457263EC1A7006B6730 /* Products */,
			);
			sourceTree = "<group>";
		};
		284F0457263EC1A7006B6730 /* Products */ = {
			isa = PBXGroup;
			children = (
				284F0456263EC1A7006B6730 /* signear.app */,
				284F046C263EC1A8006B6730 /* signearTests.xctest */,
				284F0477263EC1A8006B6730 /* signearUITests.xctest */,
			);
			name = Products;
			sourceTree = "<group>";
		};
		284F0458263EC1A7006B6730 /* signear */ = {
			isa = PBXGroup;
			children = (
				284F0489263EC4C7006B6730 /* Data */,
				28397EAE2647DFC80009C29D /* Domain */,
				284F048B263EC4D7006B6730 /* Presentation */,
				283D70992642B71D003BDD51 /* Util */,
				284F0459263EC1A7006B6730 /* AppDelegate.swift */,
				284F045B263EC1A7006B6730 /* SceneDelegate.swift */,
				284F0462263EC1A8006B6730 /* Assets.xcassets */,
				284F0464263EC1A8006B6730 /* LaunchScreen.storyboard */,
				284F0467263EC1A8006B6730 /* Info.plist */,
			);
			path = signear;
			sourceTree = "<group>";
		};
		284F046F263EC1A8006B6730 /* signearTests */ = {
			isa = PBXGroup;
			children = (
				284F0470263EC1A8006B6730 /* signearTests.swift */,
				284F0472263EC1A8006B6730 /* Info.plist */,
			);
			path = signearTests;
			sourceTree = "<group>";
		};
		284F047A263EC1A8006B6730 /* signearUITests */ = {
			isa = PBXGroup;
			children = (
				284F047B263EC1A8006B6730 /* signearUITests.swift */,
				284F047D263EC1A8006B6730 /* Info.plist */,
			);
			path = signearUITests;
			sourceTree = "<group>";
		};
		284F0489263EC4C7006B6730 /* Data */ = {
			isa = PBXGroup;
			children = (
			);
			path = Data;
			sourceTree = "<group>";
		};
		284F048B263EC4D7006B6730 /* Presentation */ = {
			isa = PBXGroup;
			children = (
				284E53B926401F5E009B2E2C /* Account */,
			);
			path = Presentation;
			sourceTree = "<group>";
		};
/* End PBXGroup section */

/* Begin PBXNativeTarget section */
		284F0455263EC1A7006B6730 /* signear */ = {
			isa = PBXNativeTarget;
			buildConfigurationList = 284F0480263EC1A8006B6730 /* Build configuration list for PBXNativeTarget "signear" */;
			buildPhases = (
				284F0452263EC1A7006B6730 /* Sources */,
				284F0453263EC1A7006B6730 /* Frameworks */,
				284F0454263EC1A7006B6730 /* Resources */,
			);
			buildRules = (
			);
			dependencies = (
			);
			name = signear;
			productName = signear;
			productReference = 284F0456263EC1A7006B6730 /* signear.app */;
			productType = "com.apple.product-type.application";
		};
		284F046B263EC1A8006B6730 /* signearTests */ = {
			isa = PBXNativeTarget;
			buildConfigurationList = 284F0483263EC1A8006B6730 /* Build configuration list for PBXNativeTarget "signearTests" */;
			buildPhases = (
				284F0468263EC1A8006B6730 /* Sources */,
				284F0469263EC1A8006B6730 /* Frameworks */,
				284F046A263EC1A8006B6730 /* Resources */,
			);
			buildRules = (
			);
			dependencies = (
				284F046E263EC1A8006B6730 /* PBXTargetDependency */,
			);
			name = signearTests;
			productName = signearTests;
			productReference = 284F046C263EC1A8006B6730 /* signearTests.xctest */;
			productType = "com.apple.product-type.bundle.unit-test";
		};
		284F0476263EC1A8006B6730 /* signearUITests */ = {
			isa = PBXNativeTarget;
			buildConfigurationList = 284F0486263EC1A8006B6730 /* Build configuration list for PBXNativeTarget "signearUITests" */;
			buildPhases = (
				284F0473263EC1A8006B6730 /* Sources */,
				284F0474263EC1A8006B6730 /* Frameworks */,
				284F0475263EC1A8006B6730 /* Resources */,
			);
			buildRules = (
			);
			dependencies = (
				284F0479263EC1A8006B6730 /* PBXTargetDependency */,
			);
			name = signearUITests;
			productName = signearUITests;
			productReference = 284F0477263EC1A8006B6730 /* signearUITests.xctest */;
			productType = "com.apple.product-type.bundle.ui-testing";
		};
/* End PBXNativeTarget section */

/* Begin PBXProject section */
		284F044E263EC1A7006B6730 /* Project object */ = {
			isa = PBXProject;
			attributes = {
				LastSwiftUpdateCheck = 1250;
				LastUpgradeCheck = 1250;
				TargetAttributes = {
					284F0455263EC1A7006B6730 = {
						CreatedOnToolsVersion = 12.5;
					};
					284F046B263EC1A8006B6730 = {
						CreatedOnToolsVersion = 12.5;
						TestTargetID = 284F0455263EC1A7006B6730;
					};
					284F0476263EC1A8006B6730 = {
						CreatedOnToolsVersion = 12.5;
						TestTargetID = 284F0455263EC1A7006B6730;
					};
				};
			};
			buildConfigurationList = 284F0451263EC1A7006B6730 /* Build configuration list for PBXProject "signear" */;
			compatibilityVersion = "Xcode 9.3";
			developmentRegion = en;
			hasScannedForEncodings = 0;
			knownRegions = (
				en,
				Base,
			);
			mainGroup = 284F044D263EC1A7006B6730;
			productRefGroup = 284F0457263EC1A7006B6730 /* Products */;
			projectDirPath = "";
			projectRoot = "";
			targets = (
				284F0455263EC1A7006B6730 /* signear */,
				284F046B263EC1A8006B6730 /* signearTests */,
				284F0476263EC1A8006B6730 /* signearUITests */,
			);
		};
/* End PBXProject section */

/* Begin PBXResourcesBuildPhase section */
		284F0454263EC1A7006B6730 /* Resources */ = {
			isa = PBXResourcesBuildPhase;
			buildActionMask = 2147483647;
			files = (
				284F0466263EC1A8006B6730 /* LaunchScreen.storyboard in Resources */,
				284F0463263EC1A8006B6730 /* Assets.xcassets in Resources */,
				284E53BB26401F6D009B2E2C /* Account.storyboard in Resources */,
			);
			runOnlyForDeploymentPostprocessing = 0;
		};
		284F046A263EC1A8006B6730 /* Resources */ = {
			isa = PBXResourcesBuildPhase;
			buildActionMask = 2147483647;
			files = (
			);
			runOnlyForDeploymentPostprocessing = 0;
		};
		284F0475263EC1A8006B6730 /* Resources */ = {
			isa = PBXResourcesBuildPhase;
			buildActionMask = 2147483647;
			files = (
			);
			runOnlyForDeploymentPostprocessing = 0;
		};
/* End PBXResourcesBuildPhase section */

/* Begin PBXSourcesBuildPhase section */
		284F0452263EC1A7006B6730 /* Sources */ = {
			isa = PBXSourcesBuildPhase;
			buildActionMask = 2147483647;
			files = (
				284F045A263EC1A7006B6730 /* AppDelegate.swift in Sources */,
				283D70A22642C818003BDD51 /* EmailCheckViewModel.swift in Sources */,
				283D709E2642BFC3003BDD51 /* InitialViewModel.swift in Sources */,
				28397EB12647E00F0009C29D /* Temp.swift in Sources */,
				283D70A02642C0EC003BDD51 /* EmailCheckViewController.swift in Sources */,
				284F045C263EC1A7006B6730 /* SceneDelegate.swift in Sources */,
				283D70982642B673003BDD51 /* InitialViewController.swift in Sources */,
				283D709C2642B732003BDD51 /* UIColor+Extension.swift in Sources */,
			);
			runOnlyForDeploymentPostprocessing = 0;
		};
		284F0468263EC1A8006B6730 /* Sources */ = {
			isa = PBXSourcesBuildPhase;
			buildActionMask = 2147483647;
			files = (
				284F0471263EC1A8006B6730 /* signearTests.swift in Sources */,
			);
			runOnlyForDeploymentPostprocessing = 0;
		};
		284F0473263EC1A8006B6730 /* Sources */ = {
			isa = PBXSourcesBuildPhase;
			buildActionMask = 2147483647;
			files = (
				284F047C263EC1A8006B6730 /* signearUITests.swift in Sources */,
			);
			runOnlyForDeploymentPostprocessing = 0;
		};
/* End PBXSourcesBuildPhase section */

/* Begin PBXTargetDependency section */
		284F046E263EC1A8006B6730 /* PBXTargetDependency */ = {
			isa = PBXTargetDependency;
			target = 284F0455263EC1A7006B6730 /* signear */;
			targetProxy = 284F046D263EC1A8006B6730 /* PBXContainerItemProxy */;
		};
		284F0479263EC1A8006B6730 /* PBXTargetDependency */ = {
			isa = PBXTargetDependency;
			target = 284F0455263EC1A7006B6730 /* signear */;
			targetProxy = 284F0478263EC1A8006B6730 /* PBXContainerItemProxy */;
		};
/* End PBXTargetDependency section */

/* Begin PBXVariantGroup section */
		284F0464263EC1A8006B6730 /* LaunchScreen.storyboard */ = {
			isa = PBXVariantGroup;
			children = (
				284F0465263EC1A8006B6730 /* Base */,
			);
			name = LaunchScreen.storyboard;
			sourceTree = "<group>";
		};
/* End PBXVariantGroup section */

/* Begin XCBuildConfiguration section */
		284F047E263EC1A8006B6730 /* Debug */ = {
			isa = XCBuildConfiguration;
			buildSettings = {
				ALWAYS_SEARCH_USER_PATHS = NO;
				CLANG_ANALYZER_NONNULL = YES;
				CLANG_ANALYZER_NUMBER_OBJECT_CONVERSION = YES_AGGRESSIVE;
				CLANG_CXX_LANGUAGE_STANDARD = "gnu++14";
				CLANG_CXX_LIBRARY = "libc++";
				CLANG_ENABLE_MODULES = YES;
				CLANG_ENABLE_OBJC_ARC = YES;
				CLANG_ENABLE_OBJC_WEAK = YES;
				CLANG_WARN_BLOCK_CAPTURE_AUTORELEASING = YES;
				CLANG_WARN_BOOL_CONVERSION = YES;
				CLANG_WARN_COMMA = YES;
				CLANG_WARN_CONSTANT_CONVERSION = YES;
				CLANG_WARN_DEPRECATED_OBJC_IMPLEMENTATIONS = YES;
				CLANG_WARN_DIRECT_OBJC_ISA_USAGE = YES_ERROR;
				CLANG_WARN_DOCUMENTATION_COMMENTS = YES;
				CLANG_WARN_EMPTY_BODY = YES;
				CLANG_WARN_ENUM_CONVERSION = YES;
				CLANG_WARN_INFINITE_RECURSION = YES;
				CLANG_WARN_INT_CONVERSION = YES;
				CLANG_WARN_NON_LITERAL_NULL_CONVERSION = YES;
				CLANG_WARN_OBJC_IMPLICIT_RETAIN_SELF = YES;
				CLANG_WARN_OBJC_LITERAL_CONVERSION = YES;
				CLANG_WARN_OBJC_ROOT_CLASS = YES_ERROR;
				CLANG_WARN_QUOTED_INCLUDE_IN_FRAMEWORK_HEADER = YES;
				CLANG_WARN_RANGE_LOOP_ANALYSIS = YES;
				CLANG_WARN_STRICT_PROTOTYPES = YES;
				CLANG_WARN_SUSPICIOUS_MOVE = YES;
				CLANG_WARN_UNGUARDED_AVAILABILITY = YES_AGGRESSIVE;
				CLANG_WARN_UNREACHABLE_CODE = YES;
				CLANG_WARN__DUPLICATE_METHOD_MATCH = YES;
				COPY_PHASE_STRIP = NO;
				DEBUG_INFORMATION_FORMAT = dwarf;
				ENABLE_STRICT_OBJC_MSGSEND = YES;
				ENABLE_TESTABILITY = YES;
				GCC_C_LANGUAGE_STANDARD = gnu11;
				GCC_DYNAMIC_NO_PIC = NO;
				GCC_NO_COMMON_BLOCKS = YES;
				GCC_OPTIMIZATION_LEVEL = 0;
				GCC_PREPROCESSOR_DEFINITIONS = (
					"DEBUG=1",
					"$(inherited)",
				);
				GCC_WARN_64_TO_32_BIT_CONVERSION = YES;
				GCC_WARN_ABOUT_RETURN_TYPE = YES_ERROR;
				GCC_WARN_UNDECLARED_SELECTOR = YES;
				GCC_WARN_UNINITIALIZED_AUTOS = YES_AGGRESSIVE;
				GCC_WARN_UNUSED_FUNCTION = YES;
				GCC_WARN_UNUSED_VARIABLE = YES;
				IPHONEOS_DEPLOYMENT_TARGET = 11.0;
				MTL_ENABLE_DEBUG_INFO = INCLUDE_SOURCE;
				MTL_FAST_MATH = YES;
				ONLY_ACTIVE_ARCH = YES;
				SDKROOT = iphoneos;
				SWIFT_ACTIVE_COMPILATION_CONDITIONS = DEBUG;
				SWIFT_OPTIMIZATION_LEVEL = "-Onone";
			};
			name = Debug;
		};
		284F047F263EC1A8006B6730 /* Release */ = {
			isa = XCBuildConfiguration;
			buildSettings = {
				ALWAYS_SEARCH_USER_PATHS = NO;
				CLANG_ANALYZER_NONNULL = YES;
				CLANG_ANALYZER_NUMBER_OBJECT_CONVERSION = YES_AGGRESSIVE;
				CLANG_CXX_LANGUAGE_STANDARD = "gnu++14";
				CLANG_CXX_LIBRARY = "libc++";
				CLANG_ENABLE_MODULES = YES;
				CLANG_ENABLE_OBJC_ARC = YES;
				CLANG_ENABLE_OBJC_WEAK = YES;
				CLANG_WARN_BLOCK_CAPTURE_AUTORELEASING = YES;
				CLANG_WARN_BOOL_CONVERSION = YES;
				CLANG_WARN_COMMA = YES;
				CLANG_WARN_CONSTANT_CONVERSION = YES;
				CLANG_WARN_DEPRECATED_OBJC_IMPLEMENTATIONS = YES;
				CLANG_WARN_DIRECT_OBJC_ISA_USAGE = YES_ERROR;
				CLANG_WARN_DOCUMENTATION_COMMENTS = YES;
				CLANG_WARN_EMPTY_BODY = YES;
				CLANG_WARN_ENUM_CONVERSION = YES;
				CLANG_WARN_INFINITE_RECURSION = YES;
				CLANG_WARN_INT_CONVERSION = YES;
				CLANG_WARN_NON_LITERAL_NULL_CONVERSION = YES;
				CLANG_WARN_OBJC_IMPLICIT_RETAIN_SELF = YES;
				CLANG_WARN_OBJC_LITERAL_CONVERSION = YES;
				CLANG_WARN_OBJC_ROOT_CLASS = YES_ERROR;
				CLANG_WARN_QUOTED_INCLUDE_IN_FRAMEWORK_HEADER = YES;
				CLANG_WARN_RANGE_LOOP_ANALYSIS = YES;
				CLANG_WARN_STRICT_PROTOTYPES = YES;
				CLANG_WARN_SUSPICIOUS_MOVE = YES;
				CLANG_WARN_UNGUARDED_AVAILABILITY = YES_AGGRESSIVE;
				CLANG_WARN_UNREACHABLE_CODE = YES;
				CLANG_WARN__DUPLICATE_METHOD_MATCH = YES;
				CODE_SIGN_IDENTITY = "Apple Development";
				COPY_PHASE_STRIP = NO;
				DEBUG_INFORMATION_FORMAT = "dwarf-with-dsym";
				ENABLE_NS_ASSERTIONS = NO;
				ENABLE_STRICT_OBJC_MSGSEND = YES;
				GCC_C_LANGUAGE_STANDARD = gnu11;
				GCC_NO_COMMON_BLOCKS = YES;
				GCC_WARN_64_TO_32_BIT_CONVERSION = YES;
				GCC_WARN_ABOUT_RETURN_TYPE = YES_ERROR;
				GCC_WARN_UNDECLARED_SELECTOR = YES;
				GCC_WARN_UNINITIALIZED_AUTOS = YES_AGGRESSIVE;
				GCC_WARN_UNUSED_FUNCTION = YES;
				GCC_WARN_UNUSED_VARIABLE = YES;
				IPHONEOS_DEPLOYMENT_TARGET = 11.0;
				MTL_ENABLE_DEBUG_INFO = NO;
				MTL_FAST_MATH = YES;
				SDKROOT = iphoneos;
				SWIFT_COMPILATION_MODE = wholemodule;
				SWIFT_OPTIMIZATION_LEVEL = "-O";
				VALIDATE_PRODUCT = YES;
			};
			name = Release;
		};
		284F0481263EC1A8006B6730 /* Debug */ = {
			isa = XCBuildConfiguration;
			buildSettings = {
				ASSETCATALOG_COMPILER_APPICON_NAME = AppIcon;
				ASSETCATALOG_COMPILER_GLOBAL_ACCENT_COLOR_NAME = AccentColor;
				CODE_SIGN_IDENTITY = "Apple Development";
				CODE_SIGN_STYLE = Automatic;
				DEVELOPMENT_TEAM = 84CPTZ438W;
				INFOPLIST_FILE = signear/Info.plist;
				LD_RUNPATH_SEARCH_PATHS = (
					"$(inherited)",
					"@executable_path/Frameworks",
				);
				PRODUCT_BUNDLE_IDENTIFIER = com.sullivan.signear;
				PRODUCT_NAME = "$(TARGET_NAME)";
				PROVISIONING_PROFILE_SPECIFIER = "";
				SWIFT_VERSION = 5.0;
				TARGETED_DEVICE_FAMILY = "1,2";
			};
			name = Debug;
		};
		284F0482263EC1A8006B6730 /* Release */ = {
			isa = XCBuildConfiguration;
			buildSettings = {
				ASSETCATALOG_COMPILER_APPICON_NAME = AppIcon;
				ASSETCATALOG_COMPILER_GLOBAL_ACCENT_COLOR_NAME = AccentColor;
				CODE_SIGN_IDENTITY = "Apple Development";
				CODE_SIGN_STYLE = Automatic;
				DEVELOPMENT_TEAM = 84CPTZ438W;
				INFOPLIST_FILE = signear/Info.plist;
				LD_RUNPATH_SEARCH_PATHS = (
					"$(inherited)",
					"@executable_path/Frameworks",
				);
				PRODUCT_BUNDLE_IDENTIFIER = com.sullivan.signear;
				PRODUCT_NAME = "$(TARGET_NAME)";
				SWIFT_VERSION = 5.0;
				TARGETED_DEVICE_FAMILY = "1,2";
			};
			name = Release;
		};
		284F0484263EC1A8006B6730 /* Debug */ = {
			isa = XCBuildConfiguration;
			buildSettings = {
				ALWAYS_EMBED_SWIFT_STANDARD_LIBRARIES = YES;
				BUNDLE_LOADER = "$(TEST_HOST)";
				CODE_SIGN_STYLE = Automatic;
				DEVELOPMENT_TEAM = 84CPTZ438W;
				INFOPLIST_FILE = signearTests/Info.plist;
				IPHONEOS_DEPLOYMENT_TARGET = 14.5;
				LD_RUNPATH_SEARCH_PATHS = (
					"$(inherited)",
					"@executable_path/Frameworks",
					"@loader_path/Frameworks",
				);
				PRODUCT_BUNDLE_IDENTIFIER = com.sullivan.signearTests;
				PRODUCT_NAME = "$(TARGET_NAME)";
				SWIFT_VERSION = 5.0;
				TARGETED_DEVICE_FAMILY = "1,2";
				TEST_HOST = "$(BUILT_PRODUCTS_DIR)/signear.app/signear";
			};
			name = Debug;
		};
		284F0485263EC1A8006B6730 /* Release */ = {
			isa = XCBuildConfiguration;
			buildSettings = {
				ALWAYS_EMBED_SWIFT_STANDARD_LIBRARIES = YES;
				BUNDLE_LOADER = "$(TEST_HOST)";
				CODE_SIGN_STYLE = Automatic;
				DEVELOPMENT_TEAM = 84CPTZ438W;
				INFOPLIST_FILE = signearTests/Info.plist;
				IPHONEOS_DEPLOYMENT_TARGET = 14.5;
				LD_RUNPATH_SEARCH_PATHS = (
					"$(inherited)",
					"@executable_path/Frameworks",
					"@loader_path/Frameworks",
				);
				PRODUCT_BUNDLE_IDENTIFIER = com.sullivan.signearTests;
				PRODUCT_NAME = "$(TARGET_NAME)";
				SWIFT_VERSION = 5.0;
				TARGETED_DEVICE_FAMILY = "1,2";
				TEST_HOST = "$(BUILT_PRODUCTS_DIR)/signear.app/signear";
			};
			name = Release;
		};
		284F0487263EC1A8006B6730 /* Debug */ = {
			isa = XCBuildConfiguration;
			buildSettings = {
				ALWAYS_EMBED_SWIFT_STANDARD_LIBRARIES = YES;
				CODE_SIGN_STYLE = Automatic;
				DEVELOPMENT_TEAM = 84CPTZ438W;
				INFOPLIST_FILE = signearUITests/Info.plist;
				LD_RUNPATH_SEARCH_PATHS = (
					"$(inherited)",
					"@executable_path/Frameworks",
					"@loader_path/Frameworks",
				);
				PRODUCT_BUNDLE_IDENTIFIER = com.sullivan.signearUITests;
				PRODUCT_NAME = "$(TARGET_NAME)";
				SWIFT_VERSION = 5.0;
				TARGETED_DEVICE_FAMILY = "1,2";
				TEST_TARGET_NAME = signear;
			};
			name = Debug;
		};
		284F0488263EC1A8006B6730 /* Release */ = {
			isa = XCBuildConfiguration;
			buildSettings = {
				ALWAYS_EMBED_SWIFT_STANDARD_LIBRARIES = YES;
				CODE_SIGN_STYLE = Automatic;
				DEVELOPMENT_TEAM = 84CPTZ438W;
				INFOPLIST_FILE = signearUITests/Info.plist;
				LD_RUNPATH_SEARCH_PATHS = (
					"$(inherited)",
					"@executable_path/Frameworks",
					"@loader_path/Frameworks",
				);
				PRODUCT_BUNDLE_IDENTIFIER = com.sullivan.signearUITests;
				PRODUCT_NAME = "$(TARGET_NAME)";
				SWIFT_VERSION = 5.0;
				TARGETED_DEVICE_FAMILY = "1,2";
				TEST_TARGET_NAME = signear;
			};
			name = Release;
		};
/* End XCBuildConfiguration section */

/* Begin XCConfigurationList section */
		284F0451263EC1A7006B6730 /* Build configuration list for PBXProject "signear" */ = {
			isa = XCConfigurationList;
			buildConfigurations = (
				284F047E263EC1A8006B6730 /* Debug */,
				284F047F263EC1A8006B6730 /* Release */,
			);
			defaultConfigurationIsVisible = 0;
			defaultConfigurationName = Release;
		};
		284F0480263EC1A8006B6730 /* Build configuration list for PBXNativeTarget "signear" */ = {
			isa = XCConfigurationList;
			buildConfigurations = (
				284F0481263EC1A8006B6730 /* Debug */,
				284F0482263EC1A8006B6730 /* Release */,
			);
			defaultConfigurationIsVisible = 0;
			defaultConfigurationName = Release;
		};
		284F0483263EC1A8006B6730 /* Build configuration list for PBXNativeTarget "signearTests" */ = {
			isa = XCConfigurationList;
			buildConfigurations = (
				284F0484263EC1A8006B6730 /* Debug */,
				284F0485263EC1A8006B6730 /* Release */,
			);
			defaultConfigurationIsVisible = 0;
			defaultConfigurationName = Release;
		};
		284F0486263EC1A8006B6730 /* Build configuration list for PBXNativeTarget "signearUITests" */ = {
			isa = XCConfigurationList;
			buildConfigurations = (
				284F0487263EC1A8006B6730 /* Debug */,
				284F0488263EC1A8006B6730 /* Release */,
			);
			defaultConfigurationIsVisible = 0;
			defaultConfigurationName = Release;
		};
/* End XCConfigurationList section */
	};
	rootObject = 284F044E263EC1A7006B6730 /* Project object */;
}
