// !$*UTF8*$!
{
	archiveVersion = 1;
	classes = {
	};
	objectVersion = 51;
	objects = {

/* Begin PBXBuildFile section */
		03C8575640D45F060C58D448B9E9F26F /* FindAccountViewModel.swift in Sources */ = {isa = PBXBuildFile; fileRef = 792AAA41DA166ADD2A6FC7BE2BB2C63E /* FindAccountViewModel.swift */; };
		04E5B062DBC0848139554D00CD5C7149 /* MakeReservationUseCase.swift in Sources */ = {isa = PBXBuildFile; fileRef = 96E43BCC24F62AAA68ED001D91CCE16F /* MakeReservationUseCase.swift */; };
		073C3BA9C5CB56375751D26439FA957C /* FindAccountViewController.swift in Sources */ = {isa = PBXBuildFile; fileRef = F7251EDAC05A7F223A9585DD46DBAE6D /* FindAccountViewController.swift */; };
		18F9011BA3C1B8E2C567116A65CF8F32 /* MakeReservationModel.swift in Sources */ = {isa = PBXBuildFile; fileRef = 016F464315919567B34612433A916208 /* MakeReservationModel.swift */; };
		190B3C05857A13D732D2A2E9F86778C3 /* LoginUseCase.swift in Sources */ = {isa = PBXBuildFile; fileRef = 976449BF5DB9B201357AA81142405CEB /* LoginUseCase.swift */; };
		1A3E2A8599E5D2F59356238E676A1D49 /* AppDelegate.swift in Sources */ = {isa = PBXBuildFile; fileRef = BB3E1DBDA736EFED47B690C94F3C7F2A /* AppDelegate.swift */; };
		1AFFE5AFEC4859B04837793893A69CBA /* ReservationListViewController.swift in Sources */ = {isa = PBXBuildFile; fileRef = 8CB85B3AAFB9EEF79E395BE256C76853 /* ReservationListViewController.swift */; };
		1B2DAF8FAB7DE5AC5130EC48377D09AE /* ReservationTableViewCell.xib in Resources */ = {isa = PBXBuildFile; fileRef = CF6EA73599CC9A4D34E09C8B2DA361D4 /* ReservationTableViewCell.xib */; };
		1DBF8ED0E353E580EC3293CF8E755922 /* ReservationModel.swift in Sources */ = {isa = PBXBuildFile; fileRef = BE6222AFD7DD977D018A354F94766DCE /* ReservationModel.swift */; };
		270086DCAE7CB7208D3D5ED259BFFFD0 /* MyPageViewController.swift in Sources */ = {isa = PBXBuildFile; fileRef = A9B78FA5766EF015A3F008D2F2F682FF /* MyPageViewController.swift */; };
		357ED405F653E08B6CC0EBBE7E26A76F /* ProfileModel.swift in Sources */ = {isa = PBXBuildFile; fileRef = BA58F53DEE7A5F0B7ED74668E525FD47 /* ProfileModel.swift */; };
		36EA48E012B3BDADAB0A83E87B2C5E19 /* ReservationBackgroundView.xib in Resources */ = {isa = PBXBuildFile; fileRef = E09BF31FC148D62BB3E672A22BC6D0C8 /* ReservationBackgroundView.xib */; };
		3985C1861F84F9E674F01FE0DF6572A0 /* DateFormatter+Extension.swift in Sources */ = {isa = PBXBuildFile; fileRef = 24DC5170DE8B69E707D342F96F89B6B0 /* DateFormatter+Extension.swift */; };
		4117E2C1F43A9861EE431D7562D12C84 /* MyPageTableViewCell.xib in Resources */ = {isa = PBXBuildFile; fileRef = D1814C65AC782BC0985FBEFADE1306CB /* MyPageTableViewCell.xib */; };
		43158C320522EC91D8DF73522152DC4C /* HelloViewController.swift in Sources */ = {isa = PBXBuildFile; fileRef = CE49E4082FB8726A3A682A2C9AADAD8C /* HelloViewController.swift */; };
		4644A82448E21718041F7EF252607E1B /* Pods_signearTests.framework in Frameworks */ = {isa = PBXBuildFile; fileRef = 0FE05C9B1AA34F367DC4DA75116E08DD /* Pods_signearTests.framework */; };
		4B1CBE9010C6A66857CC3D35EDD808FF /* ReservationHistory.storyboard in Resources */ = {isa = PBXBuildFile; fileRef = 175864A064EDEC754F697BDFE3201F54 /* ReservationHistory.storyboard */; };
		4B3AFB16ADA2DAB35BD718A603D2FFC6 /* ReservationHistoryModel.swift in Sources */ = {isa = PBXBuildFile; fileRef = E9AA1C10D13AA65D51330FDAF4833554 /* ReservationHistoryModel.swift */; };
		5038F00BB6B1A2DA6E54E4D124861C7F /* ProfileTableViewCell.swift in Sources */ = {isa = PBXBuildFile; fileRef = CE07E655CE3F009B6DE62CAA60EC4CD4 /* ProfileTableViewCell.swift */; };
		51A78F3114CA9DF3BC2BBA45C1C55CC5 /* HelloViewModel.swift in Sources */ = {isa = PBXBuildFile; fileRef = F7D47F6A69D798BDFF0C2B1ECB10A6B1 /* HelloViewModel.swift */; };
		578B7885F7779090F346DCD67650F7B6 /* signearTests.swift in Sources */ = {isa = PBXBuildFile; fileRef = 72C4246A20D251AAFF7A925397BBE94C /* signearTests.swift */; };
		60CBBD6614232DB895C065EC25565B3E /* MyPageViewModel.swift in Sources */ = {isa = PBXBuildFile; fileRef = E0D9FA23B8C60512360E8EA167521382 /* MyPageViewModel.swift */; };
		6878CD7C55E7992B8D4BC5ABEE8A2683 /* ReservationTableViewCell.swift in Sources */ = {isa = PBXBuildFile; fileRef = 3064FB63ADE3FB2457BE5893A9F351D0 /* ReservationTableViewCell.swift */; };
		6A85845E16AFABF30BCDC92DB348A595 /* Account.storyboard in Resources */ = {isa = PBXBuildFile; fileRef = BE1424039564B4764FF2FE1EAA4B0E35 /* Account.storyboard */; };
		6B9C71C2D259A29E57D0BCCF123C6936 /* ReservationListViewModelTests.swift in Sources */ = {isa = PBXBuildFile; fileRef = 5540BF507967F5D054164784C261FB2E /* ReservationListViewModelTests.swift */; };
		6D776E7BE3FC42E43CC504A52778FDD7 /* MakeReservationTableViewCell.xib in Resources */ = {isa = PBXBuildFile; fileRef = CA9A73CDEA0EA6CE77A9E3E9CEEBED7C /* MakeReservationTableViewCell.xib */; };
		6ED00474975A7780075CB81F9FD1C426 /* ReservationHistoryViewModel.swift in Sources */ = {isa = PBXBuildFile; fileRef = C3885CC1BEF29F6BAEB034BAE50CC23F /* ReservationHistoryViewModel.swift */; };
		707BDEB8119DAAA79F629A2A071E3B6F /* Assets.xcassets in Resources */ = {isa = PBXBuildFile; fileRef = F040257CF1CF27D2205DFE8C99F94E28 /* Assets.xcassets */; };
		710BFEEAE420E93A4DBECC87E514CD4E /* MakeReservationViewModelTests.swift in Sources */ = {isa = PBXBuildFile; fileRef = 162286ACAB8B6E73C24907A5FA1EBC93 /* MakeReservationViewModelTests.swift */; };
		72D7060CA2AA8730BD941196AB0472C3 /* InitialViewController.swift in Sources */ = {isa = PBXBuildFile; fileRef = BE8B1113034C8BE6A88937BC7B8C4598 /* InitialViewController.swift */; };
		74C0C175D3A049DD6ED48BB9EA860DAB /* UIView+Extension.swift in Sources */ = {isa = PBXBuildFile; fileRef = 8746528048E2B09824BCF57691B29031 /* UIView+Extension.swift */; };
		7511ECDA6579AB3FB5CF32F3A383193F /* FetchReservationsUseCaseMock.swift in Sources */ = {isa = PBXBuildFile; fileRef = 933EC82381D3EB18EC6060C617D87D85 /* FetchReservationsUseCaseMock.swift */; };
		791977DF0F5861A8CD6FDDE032DD48AB /* EmergencyTableViewCell.xib in Resources */ = {isa = PBXBuildFile; fileRef = 52B11649CC4096A00D6ABBA412768B03 /* EmergencyTableViewCell.xib */; };
		7C917BB6A920588B64E202AA7931C613 /* MakeReservationTableViewCell.swift in Sources */ = {isa = PBXBuildFile; fileRef = E5ED4B57E5272E356F5DB16D500B8CDE /* MakeReservationTableViewCell.swift */; };
		7F1D9FC02203F29B57675241AA230176 /* Reservation.storyboard in Resources */ = {isa = PBXBuildFile; fileRef = 9153FAFB2FA9BBE87ADAF13F94E0878E /* Reservation.storyboard */; };
		85BDCDF29105310CA82ECCBBA8EBE476 /* EmailCheckViewController.swift in Sources */ = {isa = PBXBuildFile; fileRef = D12AF7AF4EFA42A42D8C81F2C017BB49 /* EmailCheckViewController.swift */; };
		8D1BE1DC832EC2EE64D25F2A90365EED /* Pods_signear.framework in Frameworks */ = {isa = PBXBuildFile; fileRef = EA6B3A3A206C1092600D19BA1A75439B /* Pods_signear.framework */; };
		946F7836F8938103A71F4CCD3F145923 /* FetchReservationsUseCase.swift in Sources */ = {isa = PBXBuildFile; fileRef = CF81E39E2D1BC5FC40F64DA0DE3E3185 /* FetchReservationsUseCase.swift */; };
		947195716C199A5CBBD46E59AAC797FC /* RequestEmergencyTranslationUseCase.swift in Sources */ = {isa = PBXBuildFile; fileRef = 77277CDFFBBE8218BD2D7E79F9082B64 /* RequestEmergencyTranslationUseCase.swift */; };
		94BF951A2BF56959EF966D1E22D3FF9A /* LostEmailUseCase.swift in Sources */ = {isa = PBXBuildFile; fileRef = BED2C7B3FFD59803D73004575C8FB0E6 /* LostEmailUseCase.swift */; };
		9B786A23F4EF5FFAE85010A7AC811585 /* UIButton+Extension.swift in Sources */ = {isa = PBXBuildFile; fileRef = 25C64BFDF39B2735249CEC361DDD7D1F /* UIButton+Extension.swift */; };
		A161C38C333ACBB1D294B1EA44C4EF69 /* Pods_signear_signearUITests.framework in Frameworks */ = {isa = PBXBuildFile; fileRef = 0A4BBA7B67ABB3DD639977E3A88C8073 /* Pods_signear_signearUITests.framework */; };
		A2BF681AB307443BE08F2894FE892381 /* ReservationHistoryViewController.swift in Sources */ = {isa = PBXBuildFile; fileRef = D9FB6414525490DD68A901FD0D331CC3 /* ReservationHistoryViewController.swift */; };
		A351DFEF218363B5C48533C0D22A0778 /* EmailCheckViewModel.swift in Sources */ = {isa = PBXBuildFile; fileRef = 3C07127E8A28D409A07DB1D2E742AA90 /* EmailCheckViewModel.swift */; };
		AA5D45D53C07491BDAE1ECB10E06771C /* InitialViewModel.swift in Sources */ = {isa = PBXBuildFile; fileRef = 09656A19B58ECFEB96F79BDA10D8136F /* InitialViewModel.swift */; };
		AB17964C832AA93F7CB59730F2BB4EEE /* EmergencyViewController.swift in Sources */ = {isa = PBXBuildFile; fileRef = 593D8F04EA0C39EB4A0826402677411A /* EmergencyViewController.swift */; };
		B4971BD2CEB0E74812E2442B51BF2014 /* ReservationHistoryTableViewCell.swift in Sources */ = {isa = PBXBuildFile; fileRef = FCFE7C82B0EE8CE6F0F4F74325670652 /* ReservationHistoryTableViewCell.swift */; };
		C02C0321A155F8B9835A5E1C6C767AFF /* MyPageTableViewCell.swift in Sources */ = {isa = PBXBuildFile; fileRef = 959B0EE30734F67B8AF38938E71221DB /* MyPageTableViewCell.swift */; };
		C17829B03CB049939DA150FF5261B9C2 /* MyPage.storyboard in Resources */ = {isa = PBXBuildFile; fileRef = F810EA086D985415F019E7B7476E0033 /* MyPage.storyboard */; };
		C7C8C419215D6D2791A7FD149D4838D8 /* LoginViewModel.swift in Sources */ = {isa = PBXBuildFile; fileRef = 48E65A1E91197BDB214E4D804113A0E2 /* LoginViewModel.swift */; };
		C91D19803AB54E6A31F113472CB9E7EA /* signearUITests.swift in Sources */ = {isa = PBXBuildFile; fileRef = 9BB278AB68F9871641EC4F6758C56E67 /* signearUITests.swift */; };
		CC41309A08036977D7C472DFF0D6EB9F /* SignUpViewController.swift in Sources */ = {isa = PBXBuildFile; fileRef = 6365C6C387580EEC98D4DE402C826A7D /* SignUpViewController.swift */; };
		CDE9DFF2603AE81C548323D721C2C1E8 /* ProfileTableViewCell.xib in Resources */ = {isa = PBXBuildFile; fileRef = ECDBE7B59839686F365B700729C32B2F /* ProfileTableViewCell.xib */; };
		DC7D381EF54471BE85FBFBF4936A6F32 /* SignUpViewModel.swift in Sources */ = {isa = PBXBuildFile; fileRef = EE0D484994687164CDBD13B8C52317F6 /* SignUpViewModel.swift */; };
		DDA5BED781E95794700595CC1174B234 /* MakeReservationViewController.swift in Sources */ = {isa = PBXBuildFile; fileRef = D1F8091C6292B4AA12FD16BC11A1F48B /* MakeReservationViewController.swift */; };
		DE6D2524A9B73AB9CC52AF6C339C2016 /* MakeReservationViewModel.swift in Sources */ = {isa = PBXBuildFile; fileRef = 37720F258A8D9DA1706898194F44742F /* MakeReservationViewModel.swift */; };
		DF2520A6D3E7DD50241615B919E3A847 /* ReservationListViewModel.swift in Sources */ = {isa = PBXBuildFile; fileRef = EA4226BD575979DF2683F21FFEDD44BE /* ReservationListViewModel.swift */; };
		E2FCB1213B7142D064C737148E336C44 /* LoginViewController.swift in Sources */ = {isa = PBXBuildFile; fileRef = A36EC3122CE8AC23FA4B8E0E88E580B5 /* LoginViewController.swift */; };
		E43711AEB7CB397E09BF26BECCCCEC7C /* SceneDelegate.swift in Sources */ = {isa = PBXBuildFile; fileRef = C15BABD1EB65B8B12469BF32B15DA524 /* SceneDelegate.swift */; };
		E94C6CD2A73C6F19477774C2D68917E7 /* ReservationHistoryTableViewCell.xib in Resources */ = {isa = PBXBuildFile; fileRef = 36694D0CFADDA0282DA3884E7986B3B1 /* ReservationHistoryTableViewCell.xib */; };
		EC0CCDD63E6BAA3E83C4B50DBA97AC84 /* MakeReservationUseCaseMock.swift in Sources */ = {isa = PBXBuildFile; fileRef = F1010385B7627D1220756229A98A7897 /* MakeReservationUseCaseMock.swift */; };
		ED3A878E0837950619910ABB1A906C15 /* UIColor+Extension.swift in Sources */ = {isa = PBXBuildFile; fileRef = 986D49494B5F46935E40F5D9BE90A6C3 /* UIColor+Extension.swift */; };
		EED7C329944D60EEF81440E00BBE3FF3 /* SignUpUseCase.swift in Sources */ = {isa = PBXBuildFile; fileRef = DF91755246920FD74DB459861DD3BD24 /* SignUpUseCase.swift */; };
		F0B35AA0E1746782DB31D939C11040C7 /* EmailCheckUseCase.swift in Sources */ = {isa = PBXBuildFile; fileRef = 50067E5752E3D380E08A93D851F5445D /* EmailCheckUseCase.swift */; };
		F253B24A81335C4EB47234B538F168FF /* Emergency.storyboard in Resources */ = {isa = PBXBuildFile; fileRef = AD240579F6DD21157E5C83066300436D /* Emergency.storyboard */; };
		F44563EAF43720B1C8C4F3E22D99ABF0 /* SendEmailViewModel.swift in Sources */ = {isa = PBXBuildFile; fileRef = 65475D5C035AC709F8F0EEF8AD8BB0FC /* SendEmailViewModel.swift */; };
		F5A3F86C1663D64A64E7401BB7CF85E4 /* FetchProfileUseCase.swift in Sources */ = {isa = PBXBuildFile; fileRef = ADA97667157D7C69B28DB3C709B86071 /* FetchProfileUseCase.swift */; };
		F65C460FF4726CB79D870E344E669ABA /* FetchReservationHistoryUseCase.swift in Sources */ = {isa = PBXBuildFile; fileRef = 18F0EEC42CA211B89E6DAC74AEA2FBCA /* FetchReservationHistoryUseCase.swift */; };
		F908D298AB48EE35B2B0404C9F143E0C /* EmergencyViewModel.swift in Sources */ = {isa = PBXBuildFile; fileRef = 9E7A75FF0A6062F8DF31949F40663F18 /* EmergencyViewModel.swift */; };
		FBC192600D033E5E1019EEA87505C6CA /* LaunchScreen.storyboard in Resources */ = {isa = PBXBuildFile; fileRef = 96416CA09497E0A56D47CE727DAD95E8 /* LaunchScreen.storyboard */; };
		FEF807652D2B13B21DC2C0F11163F87B /* SendEmailViewController.swift in Sources */ = {isa = PBXBuildFile; fileRef = E7972FBD4407F166330769B195A0BC06 /* SendEmailViewController.swift */; };
/* End PBXBuildFile section */

/* Begin PBXContainerItemProxy section */
		095D3939F23D3015F0E4CEF3D1E83571 /* PBXContainerItemProxy */ = {
			isa = PBXContainerItemProxy;
			containerPortal = 275E43FA3C24523300AE116AD86897A3 /* Project object */;
			proxyType = 1;
			remoteGlobalIDString = 8913A12EA25C7D920337CE955C0320B7;
			remoteInfo = signear;
		};
		3CA3B2DE7BDD4267100DA349C1FCE514 /* PBXContainerItemProxy */ = {
			isa = PBXContainerItemProxy;
			containerPortal = 275E43FA3C24523300AE116AD86897A3 /* Project object */;
			proxyType = 1;
			remoteGlobalIDString = 8913A12EA25C7D920337CE955C0320B7;
			remoteInfo = signear;
		};
/* End PBXContainerItemProxy section */

/* Begin PBXFileReference section */
		016F464315919567B34612433A916208 /* MakeReservationModel.swift */ = {isa = PBXFileReference; fileEncoding = 4; lastKnownFileType = sourcecode.swift; path = MakeReservationModel.swift; sourceTree = "<group>"; };
		09656A19B58ECFEB96F79BDA10D8136F /* InitialViewModel.swift */ = {isa = PBXFileReference; lastKnownFileType = sourcecode.swift; path = InitialViewModel.swift; sourceTree = "<group>"; };
		0A4BBA7B67ABB3DD639977E3A88C8073 /* Pods_signear_signearUITests.framework */ = {isa = PBXFileReference; explicitFileType = wrapper.framework; includeInIndex = 0; path = Pods_signear_signearUITests.framework; sourceTree = BUILT_PRODUCTS_DIR; };
		0FE05C9B1AA34F367DC4DA75116E08DD /* Pods_signearTests.framework */ = {isa = PBXFileReference; explicitFileType = wrapper.framework; includeInIndex = 0; path = Pods_signearTests.framework; sourceTree = BUILT_PRODUCTS_DIR; };
		162286ACAB8B6E73C24907A5FA1EBC93 /* MakeReservationViewModelTests.swift */ = {isa = PBXFileReference; fileEncoding = 4; lastKnownFileType = sourcecode.swift; name = MakeReservationViewModelTests.swift; path = SignearTests/Presentation/Reservation/MakeReservationViewModelTests.swift; sourceTree = SOURCE_ROOT; };
		175864A064EDEC754F697BDFE3201F54 /* ReservationHistory.storyboard */ = {isa = PBXFileReference; fileEncoding = 4; lastKnownFileType = file.storyboard; path = ReservationHistory.storyboard; sourceTree = "<group>"; };
		18F0EEC42CA211B89E6DAC74AEA2FBCA /* FetchReservationHistoryUseCase.swift */ = {isa = PBXFileReference; fileEncoding = 4; lastKnownFileType = sourcecode.swift; path = FetchReservationHistoryUseCase.swift; sourceTree = "<group>"; };
		24DC5170DE8B69E707D342F96F89B6B0 /* DateFormatter+Extension.swift */ = {isa = PBXFileReference; lastKnownFileType = sourcecode.swift; name = "DateFormatter+Extension.swift"; path = "Signear/Util/Extension/DateFormatter+Extension.swift"; sourceTree = SOURCE_ROOT; };
		25C64BFDF39B2735249CEC361DDD7D1F /* UIButton+Extension.swift */ = {isa = PBXFileReference; fileEncoding = 4; lastKnownFileType = sourcecode.swift; name = "UIButton+Extension.swift"; path = "Signear/Util/Extension/UIButton+Extension.swift"; sourceTree = SOURCE_ROOT; };
		264CB63401FCB6A478740241D3C87A6D /* Info.plist */ = {isa = PBXFileReference; lastKnownFileType = text.plist.xml; path = Info.plist; sourceTree = "<group>"; };
		3064FB63ADE3FB2457BE5893A9F351D0 /* ReservationTableViewCell.swift */ = {isa = PBXFileReference; fileEncoding = 4; lastKnownFileType = sourcecode.swift; path = ReservationTableViewCell.swift; sourceTree = "<group>"; };
		36694D0CFADDA0282DA3884E7986B3B1 /* ReservationHistoryTableViewCell.xib */ = {isa = PBXFileReference; fileEncoding = 4; lastKnownFileType = file.xib; path = ReservationHistoryTableViewCell.xib; sourceTree = "<group>"; };
		37720F258A8D9DA1706898194F44742F /* MakeReservationViewModel.swift */ = {isa = PBXFileReference; fileEncoding = 4; lastKnownFileType = sourcecode.swift; path = MakeReservationViewModel.swift; sourceTree = "<group>"; };
		3C07127E8A28D409A07DB1D2E742AA90 /* EmailCheckViewModel.swift */ = {isa = PBXFileReference; lastKnownFileType = sourcecode.swift; path = EmailCheckViewModel.swift; sourceTree = "<group>"; };
		48E65A1E91197BDB214E4D804113A0E2 /* LoginViewModel.swift */ = {isa = PBXFileReference; fileEncoding = 4; lastKnownFileType = sourcecode.swift; path = LoginViewModel.swift; sourceTree = "<group>"; };
		50067E5752E3D380E08A93D851F5445D /* EmailCheckUseCase.swift */ = {isa = PBXFileReference; lastKnownFileType = sourcecode.swift; name = EmailCheckUseCase.swift; path = Signear/Domain/UseCase/EmailCheckUseCase.swift; sourceTree = SOURCE_ROOT; };
		52B11649CC4096A00D6ABBA412768B03 /* EmergencyTableViewCell.xib */ = {isa = PBXFileReference; lastKnownFileType = file.xib; path = EmergencyTableViewCell.xib; sourceTree = "<group>"; };
		5540BF507967F5D054164784C261FB2E /* ReservationListViewModelTests.swift */ = {isa = PBXFileReference; lastKnownFileType = sourcecode.swift; path = ReservationListViewModelTests.swift; sourceTree = "<group>"; };
		593D8F04EA0C39EB4A0826402677411A /* EmergencyViewController.swift */ = {isa = PBXFileReference; fileEncoding = 4; lastKnownFileType = sourcecode.swift; path = EmergencyViewController.swift; sourceTree = "<group>"; };
		5C77BEE5338CCE34711564A083207C80 /* Pods-signear.debug.xcconfig */ = {isa = PBXFileReference; includeInIndex = 1; lastKnownFileType = text.xcconfig; name = "Pods-signear.debug.xcconfig"; path = "Target Support Files/Pods-signear/Pods-signear.debug.xcconfig"; sourceTree = "<group>"; };
		6365C6C387580EEC98D4DE402C826A7D /* SignUpViewController.swift */ = {isa = PBXFileReference; fileEncoding = 4; lastKnownFileType = sourcecode.swift; path = SignUpViewController.swift; sourceTree = "<group>"; };
		65475D5C035AC709F8F0EEF8AD8BB0FC /* SendEmailViewModel.swift */ = {isa = PBXFileReference; fileEncoding = 4; lastKnownFileType = sourcecode.swift; path = SendEmailViewModel.swift; sourceTree = "<group>"; };
		72C4246A20D251AAFF7A925397BBE94C /* signearTests.swift */ = {isa = PBXFileReference; lastKnownFileType = sourcecode.swift; path = signearTests.swift; sourceTree = "<group>"; };
		77277CDFFBBE8218BD2D7E79F9082B64 /* RequestEmergencyTranslationUseCase.swift */ = {isa = PBXFileReference; fileEncoding = 4; lastKnownFileType = sourcecode.swift; path = RequestEmergencyTranslationUseCase.swift; sourceTree = "<group>"; };
		792AAA41DA166ADD2A6FC7BE2BB2C63E /* FindAccountViewModel.swift */ = {isa = PBXFileReference; fileEncoding = 4; lastKnownFileType = sourcecode.swift; path = FindAccountViewModel.swift; sourceTree = "<group>"; };
		8746528048E2B09824BCF57691B29031 /* UIView+Extension.swift */ = {isa = PBXFileReference; lastKnownFileType = sourcecode.swift; name = "UIView+Extension.swift"; path = "Signear/Util/Extension/UIView+Extension.swift"; sourceTree = SOURCE_ROOT; };
		8CB85B3AAFB9EEF79E395BE256C76853 /* ReservationListViewController.swift */ = {isa = PBXFileReference; fileEncoding = 4; lastKnownFileType = sourcecode.swift; path = ReservationListViewController.swift; sourceTree = "<group>"; };
		90C623B7F146D706C775D80A91BAAC79 /* signearTests.xctest */ = {isa = PBXFileReference; explicitFileType = wrapper.cfbundle; includeInIndex = 0; path = signearTests.xctest; sourceTree = BUILT_PRODUCTS_DIR; };
		9153FAFB2FA9BBE87ADAF13F94E0878E /* Reservation.storyboard */ = {isa = PBXFileReference; fileEncoding = 4; lastKnownFileType = file.storyboard; path = Reservation.storyboard; sourceTree = "<group>"; };
		9291E91E78A1A8E28BED7B4F02883D58 /* Pods-signearTests.release.xcconfig */ = {isa = PBXFileReference; includeInIndex = 1; lastKnownFileType = text.xcconfig; name = "Pods-signearTests.release.xcconfig"; path = "Target Support Files/Pods-signearTests/Pods-signearTests.release.xcconfig"; sourceTree = "<group>"; };
		933EC82381D3EB18EC6060C617D87D85 /* FetchReservationsUseCaseMock.swift */ = {isa = PBXFileReference; lastKnownFileType = sourcecode.swift; path = FetchReservationsUseCaseMock.swift; sourceTree = "<group>"; };
		959B0EE30734F67B8AF38938E71221DB /* MyPageTableViewCell.swift */ = {isa = PBXFileReference; lastKnownFileType = sourcecode.swift; path = MyPageTableViewCell.swift; sourceTree = "<group>"; };
		96E43BCC24F62AAA68ED001D91CCE16F /* MakeReservationUseCase.swift */ = {isa = PBXFileReference; lastKnownFileType = sourcecode.swift; name = MakeReservationUseCase.swift; path = Signear/Domain/UseCase/MakeReservationUseCase.swift; sourceTree = SOURCE_ROOT; };
		976449BF5DB9B201357AA81142405CEB /* LoginUseCase.swift */ = {isa = PBXFileReference; lastKnownFileType = sourcecode.swift; name = LoginUseCase.swift; path = Signear/Domain/UseCase/LoginUseCase.swift; sourceTree = SOURCE_ROOT; };
		986D49494B5F46935E40F5D9BE90A6C3 /* UIColor+Extension.swift */ = {isa = PBXFileReference; lastKnownFileType = sourcecode.swift; path = "UIColor+Extension.swift"; sourceTree = "<group>"; };
		9B1190D3307A14F493D5225727BCF689 /* Pods-signearTests.debug.xcconfig */ = {isa = PBXFileReference; includeInIndex = 1; lastKnownFileType = text.xcconfig; name = "Pods-signearTests.debug.xcconfig"; path = "Target Support Files/Pods-signearTests/Pods-signearTests.debug.xcconfig"; sourceTree = "<group>"; };
		9BB278AB68F9871641EC4F6758C56E67 /* signearUITests.swift */ = {isa = PBXFileReference; lastKnownFileType = sourcecode.swift; path = signearUITests.swift; sourceTree = "<group>"; };
		9DD633B733F2BD073715E83D5611AFA4 /* signearUITests.xctest */ = {isa = PBXFileReference; explicitFileType = wrapper.cfbundle; includeInIndex = 0; path = signearUITests.xctest; sourceTree = BUILT_PRODUCTS_DIR; };
		9E7A75FF0A6062F8DF31949F40663F18 /* EmergencyViewModel.swift */ = {isa = PBXFileReference; fileEncoding = 4; lastKnownFileType = sourcecode.swift; path = EmergencyViewModel.swift; sourceTree = "<group>"; };
		A13A54BEB6018C628F615477D5CDDAF6 /* signear.app */ = {isa = PBXFileReference; explicitFileType = wrapper.application; includeInIndex = 0; path = signear.app; sourceTree = BUILT_PRODUCTS_DIR; };
		A36EC3122CE8AC23FA4B8E0E88E580B5 /* LoginViewController.swift */ = {isa = PBXFileReference; fileEncoding = 4; lastKnownFileType = sourcecode.swift; path = LoginViewController.swift; sourceTree = "<group>"; };
		A9B78FA5766EF015A3F008D2F2F682FF /* MyPageViewController.swift */ = {isa = PBXFileReference; lastKnownFileType = sourcecode.swift; path = MyPageViewController.swift; sourceTree = "<group>"; };
		AD240579F6DD21157E5C83066300436D /* Emergency.storyboard */ = {isa = PBXFileReference; fileEncoding = 4; lastKnownFileType = file.storyboard; path = Emergency.storyboard; sourceTree = "<group>"; };
		ADA97667157D7C69B28DB3C709B86071 /* FetchProfileUseCase.swift */ = {isa = PBXFileReference; lastKnownFileType = sourcecode.swift; path = FetchProfileUseCase.swift; sourceTree = "<group>"; };
		BA58F53DEE7A5F0B7ED74668E525FD47 /* ProfileModel.swift */ = {isa = PBXFileReference; lastKnownFileType = sourcecode.swift; path = ProfileModel.swift; sourceTree = "<group>"; };
		BB3E1DBDA736EFED47B690C94F3C7F2A /* AppDelegate.swift */ = {isa = PBXFileReference; lastKnownFileType = sourcecode.swift; path = AppDelegate.swift; sourceTree = "<group>"; };
		BE1424039564B4764FF2FE1EAA4B0E35 /* Account.storyboard */ = {isa = PBXFileReference; lastKnownFileType = file.storyboard; path = Account.storyboard; sourceTree = "<group>"; };
		BE6222AFD7DD977D018A354F94766DCE /* ReservationModel.swift */ = {isa = PBXFileReference; lastKnownFileType = sourcecode.swift; path = ReservationModel.swift; sourceTree = "<group>"; };
		BE8B1113034C8BE6A88937BC7B8C4598 /* InitialViewController.swift */ = {isa = PBXFileReference; lastKnownFileType = sourcecode.swift; path = InitialViewController.swift; sourceTree = "<group>"; };
		BED2C7B3FFD59803D73004575C8FB0E6 /* LostEmailUseCase.swift */ = {isa = PBXFileReference; lastKnownFileType = sourcecode.swift; name = LostEmailUseCase.swift; path = Signear/Domain/UseCase/LostEmailUseCase.swift; sourceTree = SOURCE_ROOT; };
		C15BABD1EB65B8B12469BF32B15DA524 /* SceneDelegate.swift */ = {isa = PBXFileReference; lastKnownFileType = sourcecode.swift; path = SceneDelegate.swift; sourceTree = "<group>"; };
		C3885CC1BEF29F6BAEB034BAE50CC23F /* ReservationHistoryViewModel.swift */ = {isa = PBXFileReference; fileEncoding = 4; lastKnownFileType = sourcecode.swift; path = ReservationHistoryViewModel.swift; sourceTree = "<group>"; };
		CA9A73CDEA0EA6CE77A9E3E9CEEBED7C /* MakeReservationTableViewCell.xib */ = {isa = PBXFileReference; fileEncoding = 4; lastKnownFileType = file.xib; path = MakeReservationTableViewCell.xib; sourceTree = "<group>"; };
		CC53EA3D4D0124A831C1B8ADEF6DCF8C /* Info.plist */ = {isa = PBXFileReference; lastKnownFileType = text.plist.xml; path = Info.plist; sourceTree = "<group>"; };
		CE07E655CE3F009B6DE62CAA60EC4CD4 /* ProfileTableViewCell.swift */ = {isa = PBXFileReference; lastKnownFileType = sourcecode.swift; path = ProfileTableViewCell.swift; sourceTree = "<group>"; };
		CE49E4082FB8726A3A682A2C9AADAD8C /* HelloViewController.swift */ = {isa = PBXFileReference; fileEncoding = 4; lastKnownFileType = sourcecode.swift; path = HelloViewController.swift; sourceTree = "<group>"; };
		CF6EA73599CC9A4D34E09C8B2DA361D4 /* ReservationTableViewCell.xib */ = {isa = PBXFileReference; lastKnownFileType = file.xib; path = ReservationTableViewCell.xib; sourceTree = "<group>"; };
		CF81E39E2D1BC5FC40F64DA0DE3E3185 /* FetchReservationsUseCase.swift */ = {isa = PBXFileReference; lastKnownFileType = sourcecode.swift; path = FetchReservationsUseCase.swift; sourceTree = "<group>"; };
		D12AF7AF4EFA42A42D8C81F2C017BB49 /* EmailCheckViewController.swift */ = {isa = PBXFileReference; lastKnownFileType = sourcecode.swift; path = EmailCheckViewController.swift; sourceTree = "<group>"; };
		D1814C65AC782BC0985FBEFADE1306CB /* MyPageTableViewCell.xib */ = {isa = PBXFileReference; lastKnownFileType = file.xib; path = MyPageTableViewCell.xib; sourceTree = "<group>"; };
		D1F8091C6292B4AA12FD16BC11A1F48B /* MakeReservationViewController.swift */ = {isa = PBXFileReference; fileEncoding = 4; lastKnownFileType = sourcecode.swift; path = MakeReservationViewController.swift; sourceTree = "<group>"; };
		D9FB6414525490DD68A901FD0D331CC3 /* ReservationHistoryViewController.swift */ = {isa = PBXFileReference; fileEncoding = 4; lastKnownFileType = sourcecode.swift; path = ReservationHistoryViewController.swift; sourceTree = "<group>"; };
		DCB0AB31A1A8DB952CD48FE69D603436 /* Base */ = {isa = PBXFileReference; lastKnownFileType = file.storyboard; name = Base; path = Base.lproj/LaunchScreen.storyboard; sourceTree = "<group>"; };
		DF91755246920FD74DB459861DD3BD24 /* SignUpUseCase.swift */ = {isa = PBXFileReference; lastKnownFileType = sourcecode.swift; name = SignUpUseCase.swift; path = Signear/Domain/UseCase/SignUpUseCase.swift; sourceTree = SOURCE_ROOT; };
		E09BF31FC148D62BB3E672A22BC6D0C8 /* ReservationBackgroundView.xib */ = {isa = PBXFileReference; lastKnownFileType = file.xib; path = ReservationBackgroundView.xib; sourceTree = "<group>"; };
		E0D9FA23B8C60512360E8EA167521382 /* MyPageViewModel.swift */ = {isa = PBXFileReference; lastKnownFileType = sourcecode.swift; path = MyPageViewModel.swift; sourceTree = "<group>"; };
		E5ED4B57E5272E356F5DB16D500B8CDE /* MakeReservationTableViewCell.swift */ = {isa = PBXFileReference; fileEncoding = 4; lastKnownFileType = sourcecode.swift; path = MakeReservationTableViewCell.swift; sourceTree = "<group>"; };
		E7972FBD4407F166330769B195A0BC06 /* SendEmailViewController.swift */ = {isa = PBXFileReference; fileEncoding = 4; lastKnownFileType = sourcecode.swift; path = SendEmailViewController.swift; sourceTree = "<group>"; };
		E9AA1C10D13AA65D51330FDAF4833554 /* ReservationHistoryModel.swift */ = {isa = PBXFileReference; fileEncoding = 4; lastKnownFileType = sourcecode.swift; path = ReservationHistoryModel.swift; sourceTree = "<group>"; };
		E9DCEFCDE630E489CFBE071B0FF15548 /* Info.plist */ = {isa = PBXFileReference; lastKnownFileType = text.plist.xml; path = Info.plist; sourceTree = "<group>"; };
		EA4226BD575979DF2683F21FFEDD44BE /* ReservationListViewModel.swift */ = {isa = PBXFileReference; fileEncoding = 4; lastKnownFileType = sourcecode.swift; path = ReservationListViewModel.swift; sourceTree = "<group>"; };
		EA6B3A3A206C1092600D19BA1A75439B /* Pods_signear.framework */ = {isa = PBXFileReference; explicitFileType = wrapper.framework; includeInIndex = 0; path = Pods_signear.framework; sourceTree = BUILT_PRODUCTS_DIR; };
		ECDBE7B59839686F365B700729C32B2F /* ProfileTableViewCell.xib */ = {isa = PBXFileReference; lastKnownFileType = file.xib; path = ProfileTableViewCell.xib; sourceTree = "<group>"; };
		EE0D484994687164CDBD13B8C52317F6 /* SignUpViewModel.swift */ = {isa = PBXFileReference; fileEncoding = 4; lastKnownFileType = sourcecode.swift; path = SignUpViewModel.swift; sourceTree = "<group>"; };
		F040257CF1CF27D2205DFE8C99F94E28 /* Assets.xcassets */ = {isa = PBXFileReference; lastKnownFileType = folder.assetcatalog; path = Assets.xcassets; sourceTree = "<group>"; };
		F1010385B7627D1220756229A98A7897 /* MakeReservationUseCaseMock.swift */ = {isa = PBXFileReference; fileEncoding = 4; lastKnownFileType = sourcecode.swift; name = MakeReservationUseCaseMock.swift; path = Signear/Domain/UseCase/MakeReservationUseCaseMock.swift; sourceTree = SOURCE_ROOT; };
		F7251EDAC05A7F223A9585DD46DBAE6D /* FindAccountViewController.swift */ = {isa = PBXFileReference; fileEncoding = 4; lastKnownFileType = sourcecode.swift; path = FindAccountViewController.swift; sourceTree = "<group>"; };
		F7D47F6A69D798BDFF0C2B1ECB10A6B1 /* HelloViewModel.swift */ = {isa = PBXFileReference; fileEncoding = 4; lastKnownFileType = sourcecode.swift; path = HelloViewModel.swift; sourceTree = "<group>"; };
		F810EA086D985415F019E7B7476E0033 /* MyPage.storyboard */ = {isa = PBXFileReference; lastKnownFileType = file.storyboard; path = MyPage.storyboard; sourceTree = "<group>"; };
		F8A9632BE67F2508395B045FD704C15A /* Pods-signear.release.xcconfig */ = {isa = PBXFileReference; includeInIndex = 1; lastKnownFileType = text.xcconfig; name = "Pods-signear.release.xcconfig"; path = "Target Support Files/Pods-signear/Pods-signear.release.xcconfig"; sourceTree = "<group>"; };
		FB6784DB4A2F5F282EF425AA1F8AF15F /* Pods-signear-signearUITests.release.xcconfig */ = {isa = PBXFileReference; includeInIndex = 1; lastKnownFileType = text.xcconfig; name = "Pods-signear-signearUITests.release.xcconfig"; path = "Target Support Files/Pods-signear-signearUITests/Pods-signear-signearUITests.release.xcconfig"; sourceTree = "<group>"; };
		FCFE7C82B0EE8CE6F0F4F74325670652 /* ReservationHistoryTableViewCell.swift */ = {isa = PBXFileReference; fileEncoding = 4; lastKnownFileType = sourcecode.swift; path = ReservationHistoryTableViewCell.swift; sourceTree = "<group>"; };
		FD40C7BBD49EAD5E6EAE9E71DF0C2E9C /* Pods-signear-signearUITests.debug.xcconfig */ = {isa = PBXFileReference; includeInIndex = 1; lastKnownFileType = text.xcconfig; name = "Pods-signear-signearUITests.debug.xcconfig"; path = "Target Support Files/Pods-signear-signearUITests/Pods-signear-signearUITests.debug.xcconfig"; sourceTree = "<group>"; };
/* End PBXFileReference section */

/* Begin PBXFrameworksBuildPhase section */
		092CBF58CB19742E3C5A80F61D835AAA /* Frameworks */ = {
			isa = PBXFrameworksBuildPhase;
			buildActionMask = 2147483647;
			files = (
				8D1BE1DC832EC2EE64D25F2A90365EED /* Pods_signear.framework in Frameworks */,
			);
			runOnlyForDeploymentPostprocessing = 0;
		};
		60F9CCCF4A5FEC8D7C00432DDB9CE3C9 /* Frameworks */ = {
			isa = PBXFrameworksBuildPhase;
			buildActionMask = 2147483647;
			files = (
				A161C38C333ACBB1D294B1EA44C4EF69 /* Pods_signear_signearUITests.framework in Frameworks */,
			);
			runOnlyForDeploymentPostprocessing = 0;
		};
		DC6AE16A15A339E1D6C837ABBAB54E6C /* Frameworks */ = {
			isa = PBXFrameworksBuildPhase;
			buildActionMask = 2147483647;
			files = (
				4644A82448E21718041F7EF252607E1B /* Pods_signearTests.framework in Frameworks */,
			);
			runOnlyForDeploymentPostprocessing = 0;
		};
/* End PBXFrameworksBuildPhase section */

/* Begin PBXGroup section */
		04C2F5F892BD0405F0DD3FC791F988DC /* UseCase */ = {
			isa = PBXGroup;
			children = (
				50067E5752E3D380E08A93D851F5445D /* EmailCheckUseCase.swift */,
				ADA97667157D7C69B28DB3C709B86071 /* FetchProfileUseCase.swift */,
				18F0EEC42CA211B89E6DAC74AEA2FBCA /* FetchReservationHistoryUseCase.swift */,
				CF81E39E2D1BC5FC40F64DA0DE3E3185 /* FetchReservationsUseCase.swift */,
				933EC82381D3EB18EC6060C617D87D85 /* FetchReservationsUseCaseMock.swift */,
				976449BF5DB9B201357AA81142405CEB /* LoginUseCase.swift */,
				BED2C7B3FFD59803D73004575C8FB0E6 /* LostEmailUseCase.swift */,
				96E43BCC24F62AAA68ED001D91CCE16F /* MakeReservationUseCase.swift */,
				F1010385B7627D1220756229A98A7897 /* MakeReservationUseCaseMock.swift */,
				77277CDFFBBE8218BD2D7E79F9082B64 /* RequestEmergencyTranslationUseCase.swift */,
				DF91755246920FD74DB459861DD3BD24 /* SignUpUseCase.swift */,
			);
			path = UseCase;
			sourceTree = "<group>";
		};
		0FE0E0E61E7F8122CCAA63A9CE476398 /* signear */ = {
			isa = PBXGroup;
			children = (
				D65C76E67460DB5DA75406F247880156 /* Data */,
				3F0E8258C5163FB6251B16FCA5049C8C /* Domain */,
				35FDC902132009C06727BAC3499415FB /* Presentation */,
				A8BDB9DF39E93B4260ED05E3ACA478C8 /* Util */,
				BB3E1DBDA736EFED47B690C94F3C7F2A /* AppDelegate.swift */,
				F040257CF1CF27D2205DFE8C99F94E28 /* Assets.xcassets */,
				264CB63401FCB6A478740241D3C87A6D /* Info.plist */,
				96416CA09497E0A56D47CE727DAD95E8 /* LaunchScreen.storyboard */,
				C15BABD1EB65B8B12469BF32B15DA524 /* SceneDelegate.swift */,
			);
			path = signear;
			sourceTree = "<group>";
		};
		14E33BCC80FBCA0B39DB9170676ACDCC /* Frameworks */ = {
			isa = PBXGroup;
			children = (
				EA6B3A3A206C1092600D19BA1A75439B /* Pods_signear.framework */,
				0FE05C9B1AA34F367DC4DA75116E08DD /* Pods_signearTests.framework */,
				0A4BBA7B67ABB3DD639977E3A88C8073 /* Pods_signear_signearUITests.framework */,
			);
			name = Frameworks;
			sourceTree = "<group>";
		};
		17423A746B8B973CF11C0AF998B230CF /* Account */ = {
			isa = PBXGroup;
			children = (
				BE1424039564B4764FF2FE1EAA4B0E35 /* Account.storyboard */,
				D12AF7AF4EFA42A42D8C81F2C017BB49 /* EmailCheckViewController.swift */,
				3C07127E8A28D409A07DB1D2E742AA90 /* EmailCheckViewModel.swift */,
				F7251EDAC05A7F223A9585DD46DBAE6D /* FindAccountViewController.swift */,
				792AAA41DA166ADD2A6FC7BE2BB2C63E /* FindAccountViewModel.swift */,
				CE49E4082FB8726A3A682A2C9AADAD8C /* HelloViewController.swift */,
				F7D47F6A69D798BDFF0C2B1ECB10A6B1 /* HelloViewModel.swift */,
				BE8B1113034C8BE6A88937BC7B8C4598 /* InitialViewController.swift */,
				09656A19B58ECFEB96F79BDA10D8136F /* InitialViewModel.swift */,
				A36EC3122CE8AC23FA4B8E0E88E580B5 /* LoginViewController.swift */,
				48E65A1E91197BDB214E4D804113A0E2 /* LoginViewModel.swift */,
				E7972FBD4407F166330769B195A0BC06 /* SendEmailViewController.swift */,
				65475D5C035AC709F8F0EEF8AD8BB0FC /* SendEmailViewModel.swift */,
				6365C6C387580EEC98D4DE402C826A7D /* SignUpViewController.swift */,
				EE0D484994687164CDBD13B8C52317F6 /* SignUpViewModel.swift */,
			);
			path = Account;
			sourceTree = "<group>";
		};
		1F8F743569EBCD1C91F83A29EE4F7F8F /* Pods */ = {
			isa = PBXGroup;
			children = (
				FD40C7BBD49EAD5E6EAE9E71DF0C2E9C /* Pods-signear-signearUITests.debug.xcconfig */,
				FB6784DB4A2F5F282EF425AA1F8AF15F /* Pods-signear-signearUITests.release.xcconfig */,
				5C77BEE5338CCE34711564A083207C80 /* Pods-signear.debug.xcconfig */,
				F8A9632BE67F2508395B045FD704C15A /* Pods-signear.release.xcconfig */,
				9B1190D3307A14F493D5225727BCF689 /* Pods-signearTests.debug.xcconfig */,
				9291E91E78A1A8E28BED7B4F02883D58 /* Pods-signearTests.release.xcconfig */,
			);
			path = Pods;
			sourceTree = "<group>";
		};
		35FDC902132009C06727BAC3499415FB /* Presentation */ = {
			isa = PBXGroup;
			children = (
				17423A746B8B973CF11C0AF998B230CF /* Account */,
				CCF4B24692B3D62BB2599967C6B50CCF /* Emergency */,
				801797E4381784CA0668E3138290DC42 /* MyPage */,
				506A9131DFFB970619E03CD129091C92 /* Reservation */,
				47B89ADD350D8A93C5AAF68A3B0DFC7A /* ReservationHistory */,
			);
			path = Presentation;
			sourceTree = "<group>";
		};
		396A8C8D1EFE5540A246F1DDEFF82B56 /* signearUITests */ = {
			isa = PBXGroup;
			children = (
				E9DCEFCDE630E489CFBE071B0FF15548 /* Info.plist */,
				9BB278AB68F9871641EC4F6758C56E67 /* signearUITests.swift */,
			);
			path = signearUITests;
			sourceTree = "<group>";
		};
		3F0E8258C5163FB6251B16FCA5049C8C /* Domain */ = {
			isa = PBXGroup;
			children = (
				B6659EE89307ABD4507E361F2494E247 /* Model */,
				04C2F5F892BD0405F0DD3FC791F988DC /* UseCase */,
			);
			path = Domain;
			sourceTree = "<group>";
		};
		47B89ADD350D8A93C5AAF68A3B0DFC7A /* ReservationHistory */ = {
			isa = PBXGroup;
			children = (
				175864A064EDEC754F697BDFE3201F54 /* ReservationHistory.storyboard */,
				FCFE7C82B0EE8CE6F0F4F74325670652 /* ReservationHistoryTableViewCell.swift */,
				36694D0CFADDA0282DA3884E7986B3B1 /* ReservationHistoryTableViewCell.xib */,
				D9FB6414525490DD68A901FD0D331CC3 /* ReservationHistoryViewController.swift */,
				C3885CC1BEF29F6BAEB034BAE50CC23F /* ReservationHistoryViewModel.swift */,
			);
			path = ReservationHistory;
			sourceTree = "<group>";
		};
		4B7DB86823F8A666BD4D6C0FBF7ED0B1 /* signearTests */ = {
			isa = PBXGroup;
			children = (
				C7F3225FC3515BC4171BE6E1CBD93111 /* Presentation */,
				CC53EA3D4D0124A831C1B8ADEF6DCF8C /* Info.plist */,
				72C4246A20D251AAFF7A925397BBE94C /* signearTests.swift */,
			);
			path = signearTests;
			sourceTree = "<group>";
		};
		506A9131DFFB970619E03CD129091C92 /* Reservation */ = {
			isa = PBXGroup;
			children = (
				E5ED4B57E5272E356F5DB16D500B8CDE /* MakeReservationTableViewCell.swift */,
				CA9A73CDEA0EA6CE77A9E3E9CEEBED7C /* MakeReservationTableViewCell.xib */,
				D1F8091C6292B4AA12FD16BC11A1F48B /* MakeReservationViewController.swift */,
				37720F258A8D9DA1706898194F44742F /* MakeReservationViewModel.swift */,
				9153FAFB2FA9BBE87ADAF13F94E0878E /* Reservation.storyboard */,
				E09BF31FC148D62BB3E672A22BC6D0C8 /* ReservationBackgroundView.xib */,
				8CB85B3AAFB9EEF79E395BE256C76853 /* ReservationListViewController.swift */,
				EA4226BD575979DF2683F21FFEDD44BE /* ReservationListViewModel.swift */,
				3064FB63ADE3FB2457BE5893A9F351D0 /* ReservationTableViewCell.swift */,
				CF6EA73599CC9A4D34E09C8B2DA361D4 /* ReservationTableViewCell.xib */,
			);
			path = Reservation;
			sourceTree = "<group>";
		};
		7BFA2C0D6377FAE8D028F8FDB72B60CF = {
			isa = PBXGroup;
			children = (
				14E33BCC80FBCA0B39DB9170676ACDCC /* Frameworks */,
				1F8F743569EBCD1C91F83A29EE4F7F8F /* Pods */,
				88BD450A78741658455CDF2B069F6C9F /* Products */,
				0FE0E0E61E7F8122CCAA63A9CE476398 /* signear */,
				4B7DB86823F8A666BD4D6C0FBF7ED0B1 /* signearTests */,
				396A8C8D1EFE5540A246F1DDEFF82B56 /* signearUITests */,
			);
			sourceTree = "<group>";
		};
		801797E4381784CA0668E3138290DC42 /* MyPage */ = {
			isa = PBXGroup;
			children = (
				52B11649CC4096A00D6ABBA412768B03 /* EmergencyTableViewCell.xib */,
				F810EA086D985415F019E7B7476E0033 /* MyPage.storyboard */,
				959B0EE30734F67B8AF38938E71221DB /* MyPageTableViewCell.swift */,
				D1814C65AC782BC0985FBEFADE1306CB /* MyPageTableViewCell.xib */,
				A9B78FA5766EF015A3F008D2F2F682FF /* MyPageViewController.swift */,
				E0D9FA23B8C60512360E8EA167521382 /* MyPageViewModel.swift */,
				CE07E655CE3F009B6DE62CAA60EC4CD4 /* ProfileTableViewCell.swift */,
				ECDBE7B59839686F365B700729C32B2F /* ProfileTableViewCell.xib */,
			);
			path = MyPage;
			sourceTree = "<group>";
		};
		88BD450A78741658455CDF2B069F6C9F /* Products */ = {
			isa = PBXGroup;
			children = (
				A13A54BEB6018C628F615477D5CDDAF6 /* signear.app */,
				90C623B7F146D706C775D80A91BAAC79 /* signearTests.xctest */,
				9DD633B733F2BD073715E83D5611AFA4 /* signearUITests.xctest */,
			);
			name = Products;
			sourceTree = "<group>";
		};
		A8BDB9DF39E93B4260ED05E3ACA478C8 /* Util */ = {
			isa = PBXGroup;
			children = (
				E050D38204DA54AD908A97D094647AA1 /* Extension */,
			);
			path = Util;
			sourceTree = "<group>";
		};
		B6659EE89307ABD4507E361F2494E247 /* Model */ = {
			isa = PBXGroup;
			children = (
				016F464315919567B34612433A916208 /* MakeReservationModel.swift */,
				BA58F53DEE7A5F0B7ED74668E525FD47 /* ProfileModel.swift */,
				E9AA1C10D13AA65D51330FDAF4833554 /* ReservationHistoryModel.swift */,
				BE6222AFD7DD977D018A354F94766DCE /* ReservationModel.swift */,
			);
			path = Model;
			sourceTree = "<group>";
		};
		C057EB7DF16A2C738B0FA783D1963E7D /* Reservation */ = {
			isa = PBXGroup;
			children = (
				162286ACAB8B6E73C24907A5FA1EBC93 /* MakeReservationViewModelTests.swift */,
				5540BF507967F5D054164784C261FB2E /* ReservationListViewModelTests.swift */,
			);
			path = Reservation;
			sourceTree = "<group>";
		};
		C7F3225FC3515BC4171BE6E1CBD93111 /* Presentation */ = {
			isa = PBXGroup;
			children = (
				C057EB7DF16A2C738B0FA783D1963E7D /* Reservation */,
			);
			path = Presentation;
			sourceTree = "<group>";
		};
		CCF4B24692B3D62BB2599967C6B50CCF /* Emergency */ = {
			isa = PBXGroup;
			children = (
				AD240579F6DD21157E5C83066300436D /* Emergency.storyboard */,
				593D8F04EA0C39EB4A0826402677411A /* EmergencyViewController.swift */,
				9E7A75FF0A6062F8DF31949F40663F18 /* EmergencyViewModel.swift */,
			);
			path = Emergency;
			sourceTree = "<group>";
		};
		D65C76E67460DB5DA75406F247880156 /* Data */ = {
			isa = PBXGroup;
			children = (
			);
			path = Data;
			sourceTree = "<group>";
		};
		E050D38204DA54AD908A97D094647AA1 /* Extension */ = {
			isa = PBXGroup;
			children = (
				24DC5170DE8B69E707D342F96F89B6B0 /* DateFormatter+Extension.swift */,
				25C64BFDF39B2735249CEC361DDD7D1F /* UIButton+Extension.swift */,
				986D49494B5F46935E40F5D9BE90A6C3 /* UIColor+Extension.swift */,
				8746528048E2B09824BCF57691B29031 /* UIView+Extension.swift */,
			);
			path = Extension;
			sourceTree = "<group>";
		};
/* End PBXGroup section */

/* Begin PBXNativeTarget section */
		1D3EA64914587AD0F6B916C7535A3038 /* signearTests */ = {
			isa = PBXNativeTarget;
			buildConfigurationList = 1FB22EF9541ACAB057968A005816CB08 /* Build configuration list for PBXNativeTarget "signearTests" */;
			buildPhases = (
				068162E64D182F5913A36C03EC83BF2F /* [CP] Check Pods Manifest.lock */,
				86243C12389528B019B4DE335877DD99 /* Sources */,
				DC6AE16A15A339E1D6C837ABBAB54E6C /* Frameworks */,
				66DCEA727487463CB857AA4271293DF6 /* Resources */,
				EE5E1F6220B31FAF95A68E02E2A81500 /* [CP] Embed Pods Frameworks */,
			);
			buildRules = (
			);
			dependencies = (
				B8EF93C40733124305623ABE933BBCFD /* PBXTargetDependency */,
			);
			name = signearTests;
			productName = signearTests;
			productReference = 90C623B7F146D706C775D80A91BAAC79 /* signearTests.xctest */;
			productType = "com.apple.product-type.bundle.unit-test";
		};
		8913A12EA25C7D920337CE955C0320B7 /* signear */ = {
			isa = PBXNativeTarget;
			buildConfigurationList = B494F1AD1B1252C7FC1B95295E56BBF0 /* Build configuration list for PBXNativeTarget "signear" */;
			buildPhases = (
				26C8D14D87C5E378C8588E2EA26A9C1A /* [CP] Check Pods Manifest.lock */,
				079976E55F6CD770C0B7B7D31079C0FE /* Sources */,
				092CBF58CB19742E3C5A80F61D835AAA /* Frameworks */,
				DB3EDB127C87FF106615A2384B456F3F /* Resources */,
				B94494996746A37341B31AD521781EDB /* [CP] Embed Pods Frameworks */,
			);
			buildRules = (
			);
			dependencies = (
			);
			name = signear;
			productName = signear;
			productReference = A13A54BEB6018C628F615477D5CDDAF6 /* signear.app */;
			productType = "com.apple.product-type.application";
		};
		EC529F4D7FC803B3AC10D2F5D865E4E2 /* signearUITests */ = {
			isa = PBXNativeTarget;
			buildConfigurationList = 7FFC54D1E892650A42CEF8B0E4515603 /* Build configuration list for PBXNativeTarget "signearUITests" */;
			buildPhases = (
				315B93A963DDF121FAD4A701FEECF1E9 /* [CP] Check Pods Manifest.lock */,
				249A0A832D00A65D5C7EB4B01801420D /* Sources */,
				60F9CCCF4A5FEC8D7C00432DDB9CE3C9 /* Frameworks */,
				5793E6259AEA97E35A0B8D94D27935BD /* Resources */,
				18B4A5564399D3ED4E954D827406E166 /* [CP] Embed Pods Frameworks */,
			);
			buildRules = (
			);
			dependencies = (
				233A1ACDB12058259E8DDBE099D0B1B8 /* PBXTargetDependency */,
			);
			name = signearUITests;
			productName = signearUITests;
			productReference = 9DD633B733F2BD073715E83D5611AFA4 /* signearUITests.xctest */;
			productType = "com.apple.product-type.bundle.ui-testing";
		};
/* End PBXNativeTarget section */

/* Begin PBXProject section */
		275E43FA3C24523300AE116AD86897A3 /* Project object */ = {
			isa = PBXProject;
			attributes = {
				LastSwiftUpdateCheck = 1250;
				LastUpgradeCheck = 1250;
				TargetAttributes = {
					1D3EA64914587AD0F6B916C7535A3038 = {
						CreatedOnToolsVersion = 12.5;
						TestTargetID = 8913A12EA25C7D920337CE955C0320B7;
					};
					8913A12EA25C7D920337CE955C0320B7 = {
						CreatedOnToolsVersion = 12.5;
					};
					EC529F4D7FC803B3AC10D2F5D865E4E2 = {
						CreatedOnToolsVersion = 12.5;
						TestTargetID = 8913A12EA25C7D920337CE955C0320B7;
					};
				};
			};
			buildConfigurationList = 981AEA1AD2220E13F0A38101AD1540B2 /* Build configuration list for PBXProject "signear" */;
			compatibilityVersion = "Xcode 9.3";
			developmentRegion = en;
			hasScannedForEncodings = 0;
			knownRegions = (
				en,
				Base,
			);
			mainGroup = 7BFA2C0D6377FAE8D028F8FDB72B60CF;
			productRefGroup = 88BD450A78741658455CDF2B069F6C9F /* Products */;
			projectDirPath = "";
			projectRoot = "";
			targets = (
				8913A12EA25C7D920337CE955C0320B7 /* signear */,
				1D3EA64914587AD0F6B916C7535A3038 /* signearTests */,
				EC529F4D7FC803B3AC10D2F5D865E4E2 /* signearUITests */,
			);
		};
/* End PBXProject section */

/* Begin PBXResourcesBuildPhase section */
		5793E6259AEA97E35A0B8D94D27935BD /* Resources */ = {
			isa = PBXResourcesBuildPhase;
			buildActionMask = 2147483647;
			files = (
			);
			runOnlyForDeploymentPostprocessing = 0;
		};
		66DCEA727487463CB857AA4271293DF6 /* Resources */ = {
			isa = PBXResourcesBuildPhase;
			buildActionMask = 2147483647;
			files = (
			);
			runOnlyForDeploymentPostprocessing = 0;
		};
		DB3EDB127C87FF106615A2384B456F3F /* Resources */ = {
			isa = PBXResourcesBuildPhase;
			buildActionMask = 2147483647;
			files = (
				6A85845E16AFABF30BCDC92DB348A595 /* Account.storyboard in Resources */,
				707BDEB8119DAAA79F629A2A071E3B6F /* Assets.xcassets in Resources */,
				F253B24A81335C4EB47234B538F168FF /* Emergency.storyboard in Resources */,
				791977DF0F5861A8CD6FDDE032DD48AB /* EmergencyTableViewCell.xib in Resources */,
				FBC192600D033E5E1019EEA87505C6CA /* LaunchScreen.storyboard in Resources */,
				6D776E7BE3FC42E43CC504A52778FDD7 /* MakeReservationTableViewCell.xib in Resources */,
				C17829B03CB049939DA150FF5261B9C2 /* MyPage.storyboard in Resources */,
				4117E2C1F43A9861EE431D7562D12C84 /* MyPageTableViewCell.xib in Resources */,
				CDE9DFF2603AE81C548323D721C2C1E8 /* ProfileTableViewCell.xib in Resources */,
				7F1D9FC02203F29B57675241AA230176 /* Reservation.storyboard in Resources */,
				36EA48E012B3BDADAB0A83E87B2C5E19 /* ReservationBackgroundView.xib in Resources */,
				4B1CBE9010C6A66857CC3D35EDD808FF /* ReservationHistory.storyboard in Resources */,
				E94C6CD2A73C6F19477774C2D68917E7 /* ReservationHistoryTableViewCell.xib in Resources */,
				1B2DAF8FAB7DE5AC5130EC48377D09AE /* ReservationTableViewCell.xib in Resources */,
			);
			runOnlyForDeploymentPostprocessing = 0;
		};
/* End PBXResourcesBuildPhase section */

/* Begin PBXShellScriptBuildPhase section */
		068162E64D182F5913A36C03EC83BF2F /* [CP] Check Pods Manifest.lock */ = {
			isa = PBXShellScriptBuildPhase;
			buildActionMask = 2147483647;
			files = (
			);
			inputFileListPaths = (
			);
			inputPaths = (
				"${PODS_PODFILE_DIR_PATH}/Podfile.lock",
				"${PODS_ROOT}/Manifest.lock",
			);
			name = "[CP] Check Pods Manifest.lock";
			outputFileListPaths = (
			);
			outputPaths = (
				"$(DERIVED_FILE_DIR)/Pods-signearTests-checkManifestLockResult.txt",
			);
			runOnlyForDeploymentPostprocessing = 0;
			shellPath = /bin/sh;
			shellScript = "diff \"${PODS_PODFILE_DIR_PATH}/Podfile.lock\" \"${PODS_ROOT}/Manifest.lock\" > /dev/null\nif [ $? != 0 ] ; then\n    # print error to STDERR\n    echo \"error: The sandbox is not in sync with the Podfile.lock. Run 'pod install' or update your CocoaPods installation.\" >&2\n    exit 1\nfi\n# This output is used by Xcode 'outputs' to avoid re-running this script phase.\necho \"SUCCESS\" > \"${SCRIPT_OUTPUT_FILE_0}\"\n";
			showEnvVarsInLog = 0;
		};
		18B4A5564399D3ED4E954D827406E166 /* [CP] Embed Pods Frameworks */ = {
			isa = PBXShellScriptBuildPhase;
			buildActionMask = 2147483647;
			files = (
			);
			inputFileListPaths = (
				"${PODS_ROOT}/Target Support Files/Pods-signear-signearUITests/Pods-signear-signearUITests-frameworks-${CONFIGURATION}-input-files.xcfilelist",
			);
			name = "[CP] Embed Pods Frameworks";
			outputFileListPaths = (
				"${PODS_ROOT}/Target Support Files/Pods-signear-signearUITests/Pods-signear-signearUITests-frameworks-${CONFIGURATION}-output-files.xcfilelist",
			);
			runOnlyForDeploymentPostprocessing = 0;
			shellPath = /bin/sh;
			shellScript = "\"${PODS_ROOT}/Target Support Files/Pods-signear-signearUITests/Pods-signear-signearUITests-frameworks.sh\"\n";
			showEnvVarsInLog = 0;
		};
		26C8D14D87C5E378C8588E2EA26A9C1A /* [CP] Check Pods Manifest.lock */ = {
			isa = PBXShellScriptBuildPhase;
			buildActionMask = 2147483647;
			files = (
			);
			inputFileListPaths = (
			);
			inputPaths = (
				"${PODS_PODFILE_DIR_PATH}/Podfile.lock",
				"${PODS_ROOT}/Manifest.lock",
			);
			name = "[CP] Check Pods Manifest.lock";
			outputFileListPaths = (
			);
			outputPaths = (
				"$(DERIVED_FILE_DIR)/Pods-signear-checkManifestLockResult.txt",
			);
			runOnlyForDeploymentPostprocessing = 0;
			shellPath = /bin/sh;
			shellScript = "diff \"${PODS_PODFILE_DIR_PATH}/Podfile.lock\" \"${PODS_ROOT}/Manifest.lock\" > /dev/null\nif [ $? != 0 ] ; then\n    # print error to STDERR\n    echo \"error: The sandbox is not in sync with the Podfile.lock. Run 'pod install' or update your CocoaPods installation.\" >&2\n    exit 1\nfi\n# This output is used by Xcode 'outputs' to avoid re-running this script phase.\necho \"SUCCESS\" > \"${SCRIPT_OUTPUT_FILE_0}\"\n";
			showEnvVarsInLog = 0;
		};
		315B93A963DDF121FAD4A701FEECF1E9 /* [CP] Check Pods Manifest.lock */ = {
			isa = PBXShellScriptBuildPhase;
			buildActionMask = 2147483647;
			files = (
			);
			inputFileListPaths = (
			);
			inputPaths = (
				"${PODS_PODFILE_DIR_PATH}/Podfile.lock",
				"${PODS_ROOT}/Manifest.lock",
			);
			name = "[CP] Check Pods Manifest.lock";
			outputFileListPaths = (
			);
			outputPaths = (
				"$(DERIVED_FILE_DIR)/Pods-signear-signearUITests-checkManifestLockResult.txt",
			);
			runOnlyForDeploymentPostprocessing = 0;
			shellPath = /bin/sh;
			shellScript = "diff \"${PODS_PODFILE_DIR_PATH}/Podfile.lock\" \"${PODS_ROOT}/Manifest.lock\" > /dev/null\nif [ $? != 0 ] ; then\n    # print error to STDERR\n    echo \"error: The sandbox is not in sync with the Podfile.lock. Run 'pod install' or update your CocoaPods installation.\" >&2\n    exit 1\nfi\n# This output is used by Xcode 'outputs' to avoid re-running this script phase.\necho \"SUCCESS\" > \"${SCRIPT_OUTPUT_FILE_0}\"\n";
			showEnvVarsInLog = 0;
		};
		B94494996746A37341B31AD521781EDB /* [CP] Embed Pods Frameworks */ = {
			isa = PBXShellScriptBuildPhase;
			buildActionMask = 2147483647;
			files = (
			);
			inputFileListPaths = (
				"${PODS_ROOT}/Target Support Files/Pods-signear/Pods-signear-frameworks-${CONFIGURATION}-input-files.xcfilelist",
			);
			name = "[CP] Embed Pods Frameworks";
			outputFileListPaths = (
				"${PODS_ROOT}/Target Support Files/Pods-signear/Pods-signear-frameworks-${CONFIGURATION}-output-files.xcfilelist",
			);
			runOnlyForDeploymentPostprocessing = 0;
			shellPath = /bin/sh;
			shellScript = "\"${PODS_ROOT}/Target Support Files/Pods-signear/Pods-signear-frameworks.sh\"\n";
			showEnvVarsInLog = 0;
		};
		EE5E1F6220B31FAF95A68E02E2A81500 /* [CP] Embed Pods Frameworks */ = {
			isa = PBXShellScriptBuildPhase;
			buildActionMask = 2147483647;
			files = (
			);
			inputFileListPaths = (
				"${PODS_ROOT}/Target Support Files/Pods-signearTests/Pods-signearTests-frameworks-${CONFIGURATION}-input-files.xcfilelist",
			);
			name = "[CP] Embed Pods Frameworks";
			outputFileListPaths = (
				"${PODS_ROOT}/Target Support Files/Pods-signearTests/Pods-signearTests-frameworks-${CONFIGURATION}-output-files.xcfilelist",
			);
			runOnlyForDeploymentPostprocessing = 0;
			shellPath = /bin/sh;
			shellScript = "\"${PODS_ROOT}/Target Support Files/Pods-signearTests/Pods-signearTests-frameworks.sh\"\n";
			showEnvVarsInLog = 0;
		};
/* End PBXShellScriptBuildPhase section */

/* Begin PBXSourcesBuildPhase section */
		079976E55F6CD770C0B7B7D31079C0FE /* Sources */ = {
			isa = PBXSourcesBuildPhase;
			buildActionMask = 2147483647;
			files = (
				1A3E2A8599E5D2F59356238E676A1D49 /* AppDelegate.swift in Sources */,
				3985C1861F84F9E674F01FE0DF6572A0 /* DateFormatter+Extension.swift in Sources */,
				F0B35AA0E1746782DB31D939C11040C7 /* EmailCheckUseCase.swift in Sources */,
				85BDCDF29105310CA82ECCBBA8EBE476 /* EmailCheckViewController.swift in Sources */,
				A351DFEF218363B5C48533C0D22A0778 /* EmailCheckViewModel.swift in Sources */,
				AB17964C832AA93F7CB59730F2BB4EEE /* EmergencyViewController.swift in Sources */,
				F908D298AB48EE35B2B0404C9F143E0C /* EmergencyViewModel.swift in Sources */,
				F5A3F86C1663D64A64E7401BB7CF85E4 /* FetchProfileUseCase.swift in Sources */,
				F65C460FF4726CB79D870E344E669ABA /* FetchReservationHistoryUseCase.swift in Sources */,
				946F7836F8938103A71F4CCD3F145923 /* FetchReservationsUseCase.swift in Sources */,
				7511ECDA6579AB3FB5CF32F3A383193F /* FetchReservationsUseCaseMock.swift in Sources */,
				073C3BA9C5CB56375751D26439FA957C /* FindAccountViewController.swift in Sources */,
				03C8575640D45F060C58D448B9E9F26F /* FindAccountViewModel.swift in Sources */,
				43158C320522EC91D8DF73522152DC4C /* HelloViewController.swift in Sources */,
				51A78F3114CA9DF3BC2BBA45C1C55CC5 /* HelloViewModel.swift in Sources */,
				72D7060CA2AA8730BD941196AB0472C3 /* InitialViewController.swift in Sources */,
				AA5D45D53C07491BDAE1ECB10E06771C /* InitialViewModel.swift in Sources */,
				190B3C05857A13D732D2A2E9F86778C3 /* LoginUseCase.swift in Sources */,
				E2FCB1213B7142D064C737148E336C44 /* LoginViewController.swift in Sources */,
				C7C8C419215D6D2791A7FD149D4838D8 /* LoginViewModel.swift in Sources */,
				94BF951A2BF56959EF966D1E22D3FF9A /* LostEmailUseCase.swift in Sources */,
				18F9011BA3C1B8E2C567116A65CF8F32 /* MakeReservationModel.swift in Sources */,
				7C917BB6A920588B64E202AA7931C613 /* MakeReservationTableViewCell.swift in Sources */,
				04E5B062DBC0848139554D00CD5C7149 /* MakeReservationUseCase.swift in Sources */,
				EC0CCDD63E6BAA3E83C4B50DBA97AC84 /* MakeReservationUseCaseMock.swift in Sources */,
				DDA5BED781E95794700595CC1174B234 /* MakeReservationViewController.swift in Sources */,
				DE6D2524A9B73AB9CC52AF6C339C2016 /* MakeReservationViewModel.swift in Sources */,
				C02C0321A155F8B9835A5E1C6C767AFF /* MyPageTableViewCell.swift in Sources */,
				270086DCAE7CB7208D3D5ED259BFFFD0 /* MyPageViewController.swift in Sources */,
				60CBBD6614232DB895C065EC25565B3E /* MyPageViewModel.swift in Sources */,
				357ED405F653E08B6CC0EBBE7E26A76F /* ProfileModel.swift in Sources */,
				5038F00BB6B1A2DA6E54E4D124861C7F /* ProfileTableViewCell.swift in Sources */,
				947195716C199A5CBBD46E59AAC797FC /* RequestEmergencyTranslationUseCase.swift in Sources */,
				4B3AFB16ADA2DAB35BD718A603D2FFC6 /* ReservationHistoryModel.swift in Sources */,
				B4971BD2CEB0E74812E2442B51BF2014 /* ReservationHistoryTableViewCell.swift in Sources */,
				A2BF681AB307443BE08F2894FE892381 /* ReservationHistoryViewController.swift in Sources */,
				6ED00474975A7780075CB81F9FD1C426 /* ReservationHistoryViewModel.swift in Sources */,
				1AFFE5AFEC4859B04837793893A69CBA /* ReservationListViewController.swift in Sources */,
				DF2520A6D3E7DD50241615B919E3A847 /* ReservationListViewModel.swift in Sources */,
				1DBF8ED0E353E580EC3293CF8E755922 /* ReservationModel.swift in Sources */,
				6878CD7C55E7992B8D4BC5ABEE8A2683 /* ReservationTableViewCell.swift in Sources */,
				E43711AEB7CB397E09BF26BECCCCEC7C /* SceneDelegate.swift in Sources */,
				FEF807652D2B13B21DC2C0F11163F87B /* SendEmailViewController.swift in Sources */,
				F44563EAF43720B1C8C4F3E22D99ABF0 /* SendEmailViewModel.swift in Sources */,
				EED7C329944D60EEF81440E00BBE3FF3 /* SignUpUseCase.swift in Sources */,
				CC41309A08036977D7C472DFF0D6EB9F /* SignUpViewController.swift in Sources */,
				DC7D381EF54471BE85FBFBF4936A6F32 /* SignUpViewModel.swift in Sources */,
				9B786A23F4EF5FFAE85010A7AC811585 /* UIButton+Extension.swift in Sources */,
				ED3A878E0837950619910ABB1A906C15 /* UIColor+Extension.swift in Sources */,
				74C0C175D3A049DD6ED48BB9EA860DAB /* UIView+Extension.swift in Sources */,
			);
			runOnlyForDeploymentPostprocessing = 0;
		};
		249A0A832D00A65D5C7EB4B01801420D /* Sources */ = {
			isa = PBXSourcesBuildPhase;
			buildActionMask = 2147483647;
			files = (
				C91D19803AB54E6A31F113472CB9E7EA /* signearUITests.swift in Sources */,
			);
			runOnlyForDeploymentPostprocessing = 0;
		};
		86243C12389528B019B4DE335877DD99 /* Sources */ = {
			isa = PBXSourcesBuildPhase;
			buildActionMask = 2147483647;
			files = (
				710BFEEAE420E93A4DBECC87E514CD4E /* MakeReservationViewModelTests.swift in Sources */,
				6B9C71C2D259A29E57D0BCCF123C6936 /* ReservationListViewModelTests.swift in Sources */,
				578B7885F7779090F346DCD67650F7B6 /* signearTests.swift in Sources */,
			);
			runOnlyForDeploymentPostprocessing = 0;
		};
/* End PBXSourcesBuildPhase section */

/* Begin PBXTargetDependency section */
		233A1ACDB12058259E8DDBE099D0B1B8 /* PBXTargetDependency */ = {
			isa = PBXTargetDependency;
			target = 8913A12EA25C7D920337CE955C0320B7 /* signear */;
			targetProxy = 3CA3B2DE7BDD4267100DA349C1FCE514 /* PBXContainerItemProxy */;
		};
		B8EF93C40733124305623ABE933BBCFD /* PBXTargetDependency */ = {
			isa = PBXTargetDependency;
			target = 8913A12EA25C7D920337CE955C0320B7 /* signear */;
			targetProxy = 095D3939F23D3015F0E4CEF3D1E83571 /* PBXContainerItemProxy */;
		};
/* End PBXTargetDependency section */

/* Begin PBXVariantGroup section */
		96416CA09497E0A56D47CE727DAD95E8 /* LaunchScreen.storyboard */ = {
			isa = PBXVariantGroup;
			children = (
				DCB0AB31A1A8DB952CD48FE69D603436 /* Base */,
			);
			name = LaunchScreen.storyboard;
			sourceTree = "<group>";
		};
/* End PBXVariantGroup section */

/* Begin XCBuildConfiguration section */
		2F044E0BDF0B5D74558652FE4961A514 /* Debug */ = {
			isa = XCBuildConfiguration;
			buildSettings = {
				ALWAYS_SEARCH_USER_PATHS = NO;
				CLANG_ANALYZER_NONNULL = YES;
				CLANG_ANALYZER_NUMBER_OBJECT_CONVERSION = YES_AGGRESSIVE;
				CLANG_CXX_LANGUAGE_STANDARD = "gnu++14";
				CLANG_CXX_LIBRARY = "libc++";
				CLANG_ENABLE_MODULES = YES;
				CLANG_ENABLE_OBJC_ARC = YES;
				CLANG_ENABLE_OBJC_WEAK = YES;
				CLANG_WARN_BLOCK_CAPTURE_AUTORELEASING = YES;
				CLANG_WARN_BOOL_CONVERSION = YES;
				CLANG_WARN_COMMA = YES;
				CLANG_WARN_CONSTANT_CONVERSION = YES;
				CLANG_WARN_DEPRECATED_OBJC_IMPLEMENTATIONS = YES;
				CLANG_WARN_DIRECT_OBJC_ISA_USAGE = YES_ERROR;
				CLANG_WARN_DOCUMENTATION_COMMENTS = YES;
				CLANG_WARN_EMPTY_BODY = YES;
				CLANG_WARN_ENUM_CONVERSION = YES;
				CLANG_WARN_INFINITE_RECURSION = YES;
				CLANG_WARN_INT_CONVERSION = YES;
				CLANG_WARN_NON_LITERAL_NULL_CONVERSION = YES;
				CLANG_WARN_OBJC_IMPLICIT_RETAIN_SELF = YES;
				CLANG_WARN_OBJC_LITERAL_CONVERSION = YES;
				CLANG_WARN_OBJC_ROOT_CLASS = YES_ERROR;
				CLANG_WARN_QUOTED_INCLUDE_IN_FRAMEWORK_HEADER = YES;
				CLANG_WARN_RANGE_LOOP_ANALYSIS = YES;
				CLANG_WARN_STRICT_PROTOTYPES = YES;
				CLANG_WARN_SUSPICIOUS_MOVE = YES;
				CLANG_WARN_UNGUARDED_AVAILABILITY = YES_AGGRESSIVE;
				CLANG_WARN_UNREACHABLE_CODE = YES;
				CLANG_WARN__DUPLICATE_METHOD_MATCH = YES;
				COPY_PHASE_STRIP = NO;
				DEBUG_INFORMATION_FORMAT = dwarf;
				ENABLE_STRICT_OBJC_MSGSEND = YES;
				ENABLE_TESTABILITY = YES;
				GCC_C_LANGUAGE_STANDARD = gnu11;
				GCC_DYNAMIC_NO_PIC = NO;
				GCC_NO_COMMON_BLOCKS = YES;
				GCC_OPTIMIZATION_LEVEL = 0;
				GCC_PREPROCESSOR_DEFINITIONS = (
					"DEBUG=1",
					"$(inherited)",
				);
				GCC_WARN_64_TO_32_BIT_CONVERSION = YES;
				GCC_WARN_ABOUT_RETURN_TYPE = YES_ERROR;
				GCC_WARN_UNDECLARED_SELECTOR = YES;
				GCC_WARN_UNINITIALIZED_AUTOS = YES_AGGRESSIVE;
				GCC_WARN_UNUSED_FUNCTION = YES;
				GCC_WARN_UNUSED_VARIABLE = YES;
				IPHONEOS_DEPLOYMENT_TARGET = 11.0;
				MTL_ENABLE_DEBUG_INFO = INCLUDE_SOURCE;
				MTL_FAST_MATH = YES;
				ONLY_ACTIVE_ARCH = YES;
				SDKROOT = iphoneos;
				SWIFT_ACTIVE_COMPILATION_CONDITIONS = DEBUG;
				SWIFT_OPTIMIZATION_LEVEL = "-Onone";
			};
			name = Debug;
		};
		339552EE4771D144D46C17020C41EA09 /* Release */ = {
			isa = XCBuildConfiguration;
			buildSettings = {
				ALWAYS_SEARCH_USER_PATHS = NO;
				CLANG_ANALYZER_NONNULL = YES;
				CLANG_ANALYZER_NUMBER_OBJECT_CONVERSION = YES_AGGRESSIVE;
				CLANG_CXX_LANGUAGE_STANDARD = "gnu++14";
				CLANG_CXX_LIBRARY = "libc++";
				CLANG_ENABLE_MODULES = YES;
				CLANG_ENABLE_OBJC_ARC = YES;
				CLANG_ENABLE_OBJC_WEAK = YES;
				CLANG_WARN_BLOCK_CAPTURE_AUTORELEASING = YES;
				CLANG_WARN_BOOL_CONVERSION = YES;
				CLANG_WARN_COMMA = YES;
				CLANG_WARN_CONSTANT_CONVERSION = YES;
				CLANG_WARN_DEPRECATED_OBJC_IMPLEMENTATIONS = YES;
				CLANG_WARN_DIRECT_OBJC_ISA_USAGE = YES_ERROR;
				CLANG_WARN_DOCUMENTATION_COMMENTS = YES;
				CLANG_WARN_EMPTY_BODY = YES;
				CLANG_WARN_ENUM_CONVERSION = YES;
				CLANG_WARN_INFINITE_RECURSION = YES;
				CLANG_WARN_INT_CONVERSION = YES;
				CLANG_WARN_NON_LITERAL_NULL_CONVERSION = YES;
				CLANG_WARN_OBJC_IMPLICIT_RETAIN_SELF = YES;
				CLANG_WARN_OBJC_LITERAL_CONVERSION = YES;
				CLANG_WARN_OBJC_ROOT_CLASS = YES_ERROR;
				CLANG_WARN_QUOTED_INCLUDE_IN_FRAMEWORK_HEADER = YES;
				CLANG_WARN_RANGE_LOOP_ANALYSIS = YES;
				CLANG_WARN_STRICT_PROTOTYPES = YES;
				CLANG_WARN_SUSPICIOUS_MOVE = YES;
				CLANG_WARN_UNGUARDED_AVAILABILITY = YES_AGGRESSIVE;
				CLANG_WARN_UNREACHABLE_CODE = YES;
				CLANG_WARN__DUPLICATE_METHOD_MATCH = YES;
				CODE_SIGN_IDENTITY = "Apple Development";
				COPY_PHASE_STRIP = NO;
				DEBUG_INFORMATION_FORMAT = "dwarf-with-dsym";
				ENABLE_NS_ASSERTIONS = NO;
				ENABLE_STRICT_OBJC_MSGSEND = YES;
				GCC_C_LANGUAGE_STANDARD = gnu11;
				GCC_NO_COMMON_BLOCKS = YES;
				GCC_WARN_64_TO_32_BIT_CONVERSION = YES;
				GCC_WARN_ABOUT_RETURN_TYPE = YES_ERROR;
				GCC_WARN_UNDECLARED_SELECTOR = YES;
				GCC_WARN_UNINITIALIZED_AUTOS = YES_AGGRESSIVE;
				GCC_WARN_UNUSED_FUNCTION = YES;
				GCC_WARN_UNUSED_VARIABLE = YES;
				IPHONEOS_DEPLOYMENT_TARGET = 11.0;
				MTL_ENABLE_DEBUG_INFO = NO;
				MTL_FAST_MATH = YES;
				SDKROOT = iphoneos;
				SWIFT_COMPILATION_MODE = wholemodule;
				SWIFT_OPTIMIZATION_LEVEL = "-O";
				VALIDATE_PRODUCT = YES;
			};
			name = Release;
		};
		4F9E5C9CD84F75160FD97453857BD905 /* Debug */ = {
			isa = XCBuildConfiguration;
			baseConfigurationReference = 9B1190D3307A14F493D5225727BCF689 /* Pods-signearTests.debug.xcconfig */;
			buildSettings = {
				ALWAYS_EMBED_SWIFT_STANDARD_LIBRARIES = YES;
				BUNDLE_LOADER = "$(TEST_HOST)";
				CODE_SIGN_STYLE = Automatic;
				DEVELOPMENT_TEAM = 84CPTZ438W;
				INFOPLIST_FILE = signearTests/Info.plist;
				IPHONEOS_DEPLOYMENT_TARGET = 14.5;
				LD_RUNPATH_SEARCH_PATHS = (
					"$(inherited)",
					"@executable_path/Frameworks",
					"@loader_path/Frameworks",
				);
				PRODUCT_BUNDLE_IDENTIFIER = com.sullivan.signearTests;
				PRODUCT_NAME = "$(TARGET_NAME)";
				SWIFT_VERSION = 5.0;
				TARGETED_DEVICE_FAMILY = "1,2";
				TEST_HOST = "$(BUILT_PRODUCTS_DIR)/signear.app/signear";
			};
			name = Debug;
		};
		550837DE35D52F9AFCC38DB260EAB426 /* Release */ = {
			isa = XCBuildConfiguration;
			baseConfigurationReference = F8A9632BE67F2508395B045FD704C15A /* Pods-signear.release.xcconfig */;
			buildSettings = {
				ASSETCATALOG_COMPILER_APPICON_NAME = AppIcon;
				ASSETCATALOG_COMPILER_GLOBAL_ACCENT_COLOR_NAME = AccentColor;
				CODE_SIGN_IDENTITY = "Apple Development";
				CODE_SIGN_STYLE = Automatic;
				DEVELOPMENT_TEAM = "";
				INFOPLIST_FILE = signear/Info.plist;
				LD_RUNPATH_SEARCH_PATHS = (
					"$(inherited)",
					"@executable_path/Frameworks",
				);
				PRODUCT_BUNDLE_IDENTIFIER = com.sullivan.signear;
				PRODUCT_NAME = "$(TARGET_NAME)";
				SWIFT_VERSION = 5.0;
				TARGETED_DEVICE_FAMILY = "1,2";
			};
			name = Release;
		};
		A65656E217DE3C22F201512FF8E3884D /* Release */ = {
			isa = XCBuildConfiguration;
			baseConfigurationReference = 9291E91E78A1A8E28BED7B4F02883D58 /* Pods-signearTests.release.xcconfig */;
			buildSettings = {
				ALWAYS_EMBED_SWIFT_STANDARD_LIBRARIES = YES;
				BUNDLE_LOADER = "$(TEST_HOST)";
				CODE_SIGN_STYLE = Automatic;
				DEVELOPMENT_TEAM = 84CPTZ438W;
				INFOPLIST_FILE = signearTests/Info.plist;
				IPHONEOS_DEPLOYMENT_TARGET = 14.5;
				LD_RUNPATH_SEARCH_PATHS = (
					"$(inherited)",
					"@executable_path/Frameworks",
					"@loader_path/Frameworks",
				);
				PRODUCT_BUNDLE_IDENTIFIER = com.sullivan.signearTests;
				PRODUCT_NAME = "$(TARGET_NAME)";
				SWIFT_VERSION = 5.0;
				TARGETED_DEVICE_FAMILY = "1,2";
				TEST_HOST = "$(BUILT_PRODUCTS_DIR)/signear.app/signear";
			};
			name = Release;
		};
		DBE018670A66950DB068404E26052C2A /* Release */ = {
			isa = XCBuildConfiguration;
			baseConfigurationReference = FB6784DB4A2F5F282EF425AA1F8AF15F /* Pods-signear-signearUITests.release.xcconfig */;
			buildSettings = {
				ALWAYS_EMBED_SWIFT_STANDARD_LIBRARIES = YES;
				CODE_SIGN_STYLE = Automatic;
				DEVELOPMENT_TEAM = 84CPTZ438W;
				INFOPLIST_FILE = signearUITests/Info.plist;
				LD_RUNPATH_SEARCH_PATHS = (
					"$(inherited)",
					"@executable_path/Frameworks",
					"@loader_path/Frameworks",
				);
				PRODUCT_BUNDLE_IDENTIFIER = com.sullivan.signearUITests;
				PRODUCT_NAME = "$(TARGET_NAME)";
				SWIFT_VERSION = 5.0;
				TARGETED_DEVICE_FAMILY = "1,2";
				TEST_TARGET_NAME = signear;
			};
			name = Release;
		};
		E50DFFFCE290F6B553C70942428B6EA7 /* Debug */ = {
			isa = XCBuildConfiguration;
			baseConfigurationReference = FD40C7BBD49EAD5E6EAE9E71DF0C2E9C /* Pods-signear-signearUITests.debug.xcconfig */;
			buildSettings = {
				ALWAYS_EMBED_SWIFT_STANDARD_LIBRARIES = YES;
				CODE_SIGN_STYLE = Automatic;
				DEVELOPMENT_TEAM = 84CPTZ438W;
				INFOPLIST_FILE = signearUITests/Info.plist;
				LD_RUNPATH_SEARCH_PATHS = (
					"$(inherited)",
					"@executable_path/Frameworks",
					"@loader_path/Frameworks",
				);
				PRODUCT_BUNDLE_IDENTIFIER = com.sullivan.signearUITests;
				PRODUCT_NAME = "$(TARGET_NAME)";
				SWIFT_VERSION = 5.0;
				TARGETED_DEVICE_FAMILY = "1,2";
				TEST_TARGET_NAME = signear;
			};
			name = Debug;
		};
		FD7856169D9D7DF470E1D668319534CB /* Debug */ = {
			isa = XCBuildConfiguration;
			baseConfigurationReference = 5C77BEE5338CCE34711564A083207C80 /* Pods-signear.debug.xcconfig */;
			buildSettings = {
				ASSETCATALOG_COMPILER_APPICON_NAME = AppIcon;
				ASSETCATALOG_COMPILER_GLOBAL_ACCENT_COLOR_NAME = AccentColor;
				CODE_SIGN_IDENTITY = "Apple Development";
				CODE_SIGN_STYLE = Automatic;
				DEVELOPMENT_TEAM = "";
				INFOPLIST_FILE = signear/Info.plist;
				LD_RUNPATH_SEARCH_PATHS = (
					"$(inherited)",
					"@executable_path/Frameworks",
				);
				PRODUCT_BUNDLE_IDENTIFIER = com.sullivan.signear;
				PRODUCT_NAME = "$(TARGET_NAME)";
				PROVISIONING_PROFILE_SPECIFIER = "";
				SWIFT_VERSION = 5.0;
				TARGETED_DEVICE_FAMILY = "1,2";
			};
			name = Debug;
		};
/* End XCBuildConfiguration section */

/* Begin XCConfigurationList section */
		1FB22EF9541ACAB057968A005816CB08 /* Build configuration list for PBXNativeTarget "signearTests" */ = {
			isa = XCConfigurationList;
			buildConfigurations = (
				4F9E5C9CD84F75160FD97453857BD905 /* Debug */,
				A65656E217DE3C22F201512FF8E3884D /* Release */,
			);
			defaultConfigurationIsVisible = 0;
			defaultConfigurationName = Release;
		};
		7FFC54D1E892650A42CEF8B0E4515603 /* Build configuration list for PBXNativeTarget "signearUITests" */ = {
			isa = XCConfigurationList;
			buildConfigurations = (
				E50DFFFCE290F6B553C70942428B6EA7 /* Debug */,
				DBE018670A66950DB068404E26052C2A /* Release */,
			);
			defaultConfigurationIsVisible = 0;
			defaultConfigurationName = Release;
		};
		981AEA1AD2220E13F0A38101AD1540B2 /* Build configuration list for PBXProject "signear" */ = {
			isa = XCConfigurationList;
			buildConfigurations = (
				2F044E0BDF0B5D74558652FE4961A514 /* Debug */,
				339552EE4771D144D46C17020C41EA09 /* Release */,
			);
			defaultConfigurationIsVisible = 0;
			defaultConfigurationName = Release;
		};
		B494F1AD1B1252C7FC1B95295E56BBF0 /* Build configuration list for PBXNativeTarget "signear" */ = {
			isa = XCConfigurationList;
			buildConfigurations = (
				FD7856169D9D7DF470E1D668319534CB /* Debug */,
				550837DE35D52F9AFCC38DB260EAB426 /* Release */,
			);
			defaultConfigurationIsVisible = 0;
			defaultConfigurationName = Release;
		};
/* End XCConfigurationList section */
	};
	rootObject = 275E43FA3C24523300AE116AD86897A3 /* Project object */;
}
